// !$*UTF8*$!
{
	archiveVersion = 1;
	classes = {
	};
	objectVersion = 46;
	objects = {

/* Begin PBXBuildFile section */
		3E0E1FE81BA6F16200CF81DB /* MainInterfaceController.m in Sources */ = {isa = PBXBuildFile; fileRef = 3E0E1FE71BA6F16200CF81DB /* MainInterfaceController.m */; };
		3E23477E1BA06333007A99D7 /* SessionDetailsController.m in Sources */ = {isa = PBXBuildFile; fileRef = AB8E08041A22C46700D81388 /* SessionDetailsController.m */; };
		3E23477F1BA06333007A99D7 /* NotificationController.m in Sources */ = {isa = PBXBuildFile; fileRef = AB7FA0671A22536D00B824A0 /* NotificationController.m */; };
		3E2347811BA0647B007A99D7 /* Images.xcassets in Resources */ = {isa = PBXBuildFile; fileRef = ABB53BF119D48F9F006F9DBD /* Images.xcassets */; };
		3E2527541BAE0182001C4827 /* GlanceInterfaceController.m in Sources */ = {isa = PBXBuildFile; fileRef = 3E2527531BAE0182001C4827 /* GlanceInterfaceController.m */; };
		3E37F9AE1B91295B00F2F446 /* BACTimelineItem.m in Sources */ = {isa = PBXBuildFile; fileRef = 3E37F9AD1B91295B00F2F446 /* BACTimelineItem.m */; };
		3E37F9AF1B91295B00F2F446 /* BACTimelineItem.m in Sources */ = {isa = PBXBuildFile; fileRef = 3E37F9AD1B91295B00F2F446 /* BACTimelineItem.m */; };
		3E37F9B71B912A2200F2F446 /* Interface.storyboard in Resources */ = {isa = PBXBuildFile; fileRef = 3E37F9B51B912A2200F2F446 /* Interface.storyboard */; };
		3E37F9B91B912A2200F2F446 /* Assets.xcassets in Resources */ = {isa = PBXBuildFile; fileRef = 3E37F9B81B912A2200F2F446 /* Assets.xcassets */; };
		3E37F9C01B912A2200F2F446 /* NanoDrinks Extension.appex in Embed App Extensions */ = {isa = PBXBuildFile; fileRef = 3E37F9BF1B912A2200F2F446 /* NanoDrinks Extension.appex */; settings = {ATTRIBUTES = (RemoveHeadersOnCopy, ); }; };
		3E37F9C91B912A2200F2F446 /* ExtensionDelegate.m in Sources */ = {isa = PBXBuildFile; fileRef = 3E37F9C81B912A2200F2F446 /* ExtensionDelegate.m */; };
		3E37F9CC1B912A2300F2F446 /* ComplicationController.m in Sources */ = {isa = PBXBuildFile; fileRef = 3E37F9CB1B912A2300F2F446 /* ComplicationController.m */; };
		3E37F9CE1B912A2300F2F446 /* Assets.xcassets in Resources */ = {isa = PBXBuildFile; fileRef = 3E37F9CD1B912A2300F2F446 /* Assets.xcassets */; };
		3E37F9D21B912A2300F2F446 /* NanoDrinks.app in Embed Watch Content */ = {isa = PBXBuildFile; fileRef = 3E37F9B31B912A2200F2F446 /* NanoDrinks.app */; };
		3E37F9DC1B912B4A00F2F446 /* Drink.m in Sources */ = {isa = PBXBuildFile; fileRef = ABE4F47B19D610240048D853 /* Drink.m */; };
		3E37F9DD1B912B4A00F2F446 /* DrinkingSession.m in Sources */ = {isa = PBXBuildFile; fileRef = AB3B1F821A217496004CD7C2 /* DrinkingSession.m */; };
		3E37F9DE1B912B4A00F2F446 /* AddDrinkContext.m in Sources */ = {isa = PBXBuildFile; fileRef = ABDA7D291A28BB1700CD61C7 /* AddDrinkContext.m */; };
		3E37F9DF1B912B4A00F2F446 /* BACTimelineItem.m in Sources */ = {isa = PBXBuildFile; fileRef = 3E37F9AD1B91295B00F2F446 /* BACTimelineItem.m */; };
		3E3F16AB1B1FF4AC0066A508 /* ANDBackgroundChartView.m in Sources */ = {isa = PBXBuildFile; fileRef = 3E3F16A61B1FF4AC0066A508 /* ANDBackgroundChartView.m */; };
		3E3F16AC1B1FF4AC0066A508 /* ANDInternalLineChartView.m in Sources */ = {isa = PBXBuildFile; fileRef = 3E3F16A81B1FF4AC0066A508 /* ANDInternalLineChartView.m */; };
		3E3F16AD1B1FF4AC0066A508 /* ANDLineChartView.m in Sources */ = {isa = PBXBuildFile; fileRef = 3E3F16AA1B1FF4AC0066A508 /* ANDLineChartView.m */; };
		3E4E7B491B952859008FC487 /* AppWatchConnectionManager.m in Sources */ = {isa = PBXBuildFile; fileRef = 3E4E7B481B952859008FC487 /* AppWatchConnectionManager.m */; };
		3E4E7B4A1B952859008FC487 /* AppWatchConnectionManager.m in Sources */ = {isa = PBXBuildFile; fileRef = 3E4E7B481B952859008FC487 /* AppWatchConnectionManager.m */; };
		3E4E7B4B1B95CDEC008FC487 /* StoredDataManager.m in Sources */ = {isa = PBXBuildFile; fileRef = AB68BF531A1EDCF300CD87F3 /* StoredDataManager.m */; };
		3E4E7B4D1B95CDFB008FC487 /* AppWatchConnectionManager.m in Sources */ = {isa = PBXBuildFile; fileRef = 3E4E7B481B952859008FC487 /* AppWatchConnectionManager.m */; };
		3E4E7B501B9874AE008FC487 /* WatchConnectionManager.m in Sources */ = {isa = PBXBuildFile; fileRef = 3E4E7B4F1B9874AE008FC487 /* WatchConnectionManager.m */; };
		3EBB1C2A1A5993610006EAC5 /* Main.storyboard in Resources */ = {isa = PBXBuildFile; fileRef = 3EBB1C2C1A5993610006EAC5 /* Main.storyboard */; };
		3ECBAE401BA5C94C005DE4A2 /* SessionDetailsViewController.m in Sources */ = {isa = PBXBuildFile; fileRef = 3ECBAE3F1BA5C94C005DE4A2 /* SessionDetailsViewController.m */; };
		3ECBAE421BA5F146005DE4A2 /* HealthKit.framework in Frameworks */ = {isa = PBXBuildFile; fileRef = 3ECBAE411BA5F146005DE4A2 /* HealthKit.framework */; };
		3ECBAE441BA62C40005DE4A2 /* HealthKitManager.m in Sources */ = {isa = PBXBuildFile; fileRef = ABD49FED1A1F772700A3A059 /* HealthKitManager.m */; };
		3EEB1C201BA47A83004EB78A /* UserPreferences.m in Sources */ = {isa = PBXBuildFile; fileRef = 3EEB1C1F1BA47A82004EB78A /* UserPreferences.m */; };
		3EEB1C211BA47A83004EB78A /* UserPreferences.m in Sources */ = {isa = PBXBuildFile; fileRef = 3EEB1C1F1BA47A82004EB78A /* UserPreferences.m */; };
		3EEF1FC61BA8F6720000F8D0 /* iOSWatchConnectionManager.m in Sources */ = {isa = PBXBuildFile; fileRef = 3EEF1FC51BA8F6720000F8D0 /* iOSWatchConnectionManager.m */; };
		3EEF1FC91BA98DCE0000F8D0 /* NewDrinkInterfaceController.m in Sources */ = {isa = PBXBuildFile; fileRef = 3EEF1FC81BA98DCE0000F8D0 /* NewDrinkInterfaceController.m */; };
		3EEF1FCA1BA997750000F8D0 /* Assets.xcassets in Resources */ = {isa = PBXBuildFile; fileRef = 3E37F9B81B912A2200F2F446 /* Assets.xcassets */; };
		3EEF1FCE1BAC37F10000F8D0 /* UserPreferences.m in Sources */ = {isa = PBXBuildFile; fileRef = 3EEB1C1F1BA47A82004EB78A /* UserPreferences.m */; };
		AB125D9019D8790A00D16008 /* ProfileViewController.m in Sources */ = {isa = PBXBuildFile; fileRef = AB125D8F19D8790A00D16008 /* ProfileViewController.m */; };
		AB3B1F831A217496004CD7C2 /* DrinkingSession.m in Sources */ = {isa = PBXBuildFile; fileRef = AB3B1F821A217496004CD7C2 /* DrinkingSession.m */; };
		AB3B1F841A217496004CD7C2 /* DrinkingSession.m in Sources */ = {isa = PBXBuildFile; fileRef = AB3B1F821A217496004CD7C2 /* DrinkingSession.m */; };
		AB3B1F851A218A1F004CD7C2 /* HealthKit.framework in Frameworks */ = {isa = PBXBuildFile; fileRef = ABB53C0B19D48FBE006F9DBD /* HealthKit.framework */; };
		AB56FA3819D5F2EC00E04C87 /* JNKeychain.m in Sources */ = {isa = PBXBuildFile; fileRef = AB56FA3719D5F2EC00E04C87 /* JNKeychain.m */; };
		AB5FAABB19D4EC0900793572 /* ActionSheetStringPicker.m in Sources */ = {isa = PBXBuildFile; fileRef = AB5FAABA19D4EC0900793572 /* ActionSheetStringPicker.m */; };
		AB5FAABE19D4EFAB00793572 /* AbstractActionSheetPicker.m in Sources */ = {isa = PBXBuildFile; fileRef = AB5FAABD19D4EFAB00793572 /* AbstractActionSheetPicker.m */; };
		AB5FAACD19D4F00900793572 /* ActionSheetCustomPicker.m in Sources */ = {isa = PBXBuildFile; fileRef = AB5FAAC119D4F00900793572 /* ActionSheetCustomPicker.m */; };
		AB5FAACE19D4F00900793572 /* ActionSheetDatePicker.m in Sources */ = {isa = PBXBuildFile; fileRef = AB5FAAC419D4F00900793572 /* ActionSheetDatePicker.m */; };
		AB5FAACF19D4F00900793572 /* ActionSheetDistancePicker.m in Sources */ = {isa = PBXBuildFile; fileRef = AB5FAAC619D4F00900793572 /* ActionSheetDistancePicker.m */; };
		AB5FAAD019D4F00900793572 /* ActionSheetLocalePicker.m in Sources */ = {isa = PBXBuildFile; fileRef = AB5FAAC819D4F00900793572 /* ActionSheetLocalePicker.m */; };
		AB5FAAD119D4F00900793572 /* DistancePickerView.m in Sources */ = {isa = PBXBuildFile; fileRef = AB5FAACA19D4F00900793572 /* DistancePickerView.m */; };
		AB5FAAD219D4F00900793572 /* SWActionSheet.m in Sources */ = {isa = PBXBuildFile; fileRef = AB5FAACC19D4F00900793572 /* SWActionSheet.m */; };
		AB5FAAD519D4F17A00793572 /* TransLoadingIndicator.m in Sources */ = {isa = PBXBuildFile; fileRef = AB5FAAD419D4F17A00793572 /* TransLoadingIndicator.m */; };
		AB68BF401A1D925500CD87F3 /* HealthKitRequestViewController.m in Sources */ = {isa = PBXBuildFile; fileRef = AB68BF3F1A1D925500CD87F3 /* HealthKitRequestViewController.m */; };
		AB68BF431A1D927100CD87F3 /* RegistrationWorkflowNavigationController.m in Sources */ = {isa = PBXBuildFile; fileRef = AB68BF421A1D927100CD87F3 /* RegistrationWorkflowNavigationController.m */; };
		AB68BF4D1A1E261600CD87F3 /* HealthKitInfoViewController.m in Sources */ = {isa = PBXBuildFile; fileRef = AB68BF4C1A1E261600CD87F3 /* HealthKitInfoViewController.m */; };
		AB68BF541A1EDCF300CD87F3 /* StoredDataManager.m in Sources */ = {isa = PBXBuildFile; fileRef = AB68BF531A1EDCF300CD87F3 /* StoredDataManager.m */; };
		AB68BF561A1EE8B200CD87F3 /* StoredDataManager.m in Sources */ = {isa = PBXBuildFile; fileRef = AB68BF531A1EDCF300CD87F3 /* StoredDataManager.m */; };
		AB85F45619D75F4600298746 /* Drink.m in Sources */ = {isa = PBXBuildFile; fileRef = ABE4F47B19D610240048D853 /* Drink.m */; };
		AB85F45719D75FA700298746 /* JNKeychain.m in Sources */ = {isa = PBXBuildFile; fileRef = AB56FA3719D5F2EC00E04C87 /* JNKeychain.m */; };
		ABA72CEA1A2A163100D0B2A9 /* MainViewController.m in Sources */ = {isa = PBXBuildFile; fileRef = ABA72CE91A2A163100D0B2A9 /* MainViewController.m */; };
		ABB53BE719D48F9F006F9DBD /* main.m in Sources */ = {isa = PBXBuildFile; fileRef = ABB53BE619D48F9F006F9DBD /* main.m */; };
		ABB53BEA19D48F9F006F9DBD /* AppDelegate.m in Sources */ = {isa = PBXBuildFile; fileRef = ABB53BE919D48F9F006F9DBD /* AppDelegate.m */; };
		ABB53BF219D48F9F006F9DBD /* Images.xcassets in Resources */ = {isa = PBXBuildFile; fileRef = ABB53BF119D48F9F006F9DBD /* Images.xcassets */; };
		ABB53C0119D48F9F006F9DBD /* ReadWeightTests.m in Sources */ = {isa = PBXBuildFile; fileRef = ABB53C0019D48F9F006F9DBD /* ReadWeightTests.m */; };
		ABB53C0C19D48FBE006F9DBD /* HealthKit.framework in Frameworks */ = {isa = PBXBuildFile; fileRef = ABB53C0B19D48FBE006F9DBD /* HealthKit.framework */; };
		ABD49FEF1A1F772700A3A059 /* HealthKitManager.m in Sources */ = {isa = PBXBuildFile; fileRef = ABD49FED1A1F772700A3A059 /* HealthKitManager.m */; };
		ABDA7D2A1A28BB1700CD61C7 /* AddDrinkContext.m in Sources */ = {isa = PBXBuildFile; fileRef = ABDA7D291A28BB1700CD61C7 /* AddDrinkContext.m */; };
		ABDA7D2B1A28BB1700CD61C7 /* AddDrinkContext.m in Sources */ = {isa = PBXBuildFile; fileRef = ABDA7D291A28BB1700CD61C7 /* AddDrinkContext.m */; };
		ABE262E419D5FC4D00710A3F /* AddDrinkViewController.m in Sources */ = {isa = PBXBuildFile; fileRef = ABE262E319D5FC4D00710A3F /* AddDrinkViewController.m */; };
		ABE4F47C19D610240048D853 /* Drink.m in Sources */ = {isa = PBXBuildFile; fileRef = ABE4F47B19D610240048D853 /* Drink.m */; };
		ABE4F48719D750990048D853 /* NotificationCenter.framework in Frameworks */ = {isa = PBXBuildFile; fileRef = ABE4F48619D750990048D853 /* NotificationCenter.framework */; };
		ABE4F48D19D750990048D853 /* TodayViewController.m in Sources */ = {isa = PBXBuildFile; fileRef = ABE4F48C19D750990048D853 /* TodayViewController.m */; };
		ABE4F48F19D750990048D853 /* MainInterface.storyboard in Resources */ = {isa = PBXBuildFile; fileRef = ABE4F48E19D750990048D853 /* MainInterface.storyboard */; };
		ABE4F49219D750990048D853 /* Add Drinks.appex in Embed App Extensions */ = {isa = PBXBuildFile; fileRef = ABE4F48419D750990048D853 /* Add Drinks.appex */; settings = {ATTRIBUTES = (RemoveHeadersOnCopy, ); }; };
		ABE4F49B19D758C00048D853 /* Images.xcassets in Resources */ = {isa = PBXBuildFile; fileRef = ABB53BF119D48F9F006F9DBD /* Images.xcassets */; };
/* End PBXBuildFile section */

/* Begin PBXContainerItemProxy section */
		3E37F9C11B912A2200F2F446 /* PBXContainerItemProxy */ = {
			isa = PBXContainerItemProxy;
			containerPortal = ABB53BD919D48F9F006F9DBD /* Project object */;
			proxyType = 1;
			remoteGlobalIDString = 3E37F9BE1B912A2200F2F446;
			remoteInfo = "NanoDrinks Extension";
		};
		3E37F9D01B912A2300F2F446 /* PBXContainerItemProxy */ = {
			isa = PBXContainerItemProxy;
			containerPortal = ABB53BD919D48F9F006F9DBD /* Project object */;
			proxyType = 1;
			remoteGlobalIDString = 3E37F9B21B912A2200F2F446;
			remoteInfo = NanoDrinks;
		};
		ABB53BFB19D48F9F006F9DBD /* PBXContainerItemProxy */ = {
			isa = PBXContainerItemProxy;
			containerPortal = ABB53BD919D48F9F006F9DBD /* Project object */;
			proxyType = 1;
			remoteGlobalIDString = ABB53BE019D48F9F006F9DBD;
			remoteInfo = ReadWeight;
		};
		ABE4F49019D750990048D853 /* PBXContainerItemProxy */ = {
			isa = PBXContainerItemProxy;
			containerPortal = ABB53BD919D48F9F006F9DBD /* Project object */;
			proxyType = 1;
			remoteGlobalIDString = ABE4F48319D750990048D853;
			remoteInfo = "Add Drinks";
		};
		ABE4F49319D750990048D853 /* PBXContainerItemProxy */ = {
			isa = PBXContainerItemProxy;
			containerPortal = ABB53BD919D48F9F006F9DBD /* Project object */;
			proxyType = 1;
			remoteGlobalIDString = ABE4F48319D750990048D853;
			remoteInfo = "Add Drinks";
		};
/* End PBXContainerItemProxy section */

/* Begin PBXCopyFilesBuildPhase section */
		3E37F9D81B912A2300F2F446 /* Embed App Extensions */ = {
			isa = PBXCopyFilesBuildPhase;
			buildActionMask = 2147483647;
			dstPath = "";
			dstSubfolderSpec = 13;
			files = (
				3E37F9C01B912A2200F2F446 /* NanoDrinks Extension.appex in Embed App Extensions */,
			);
			name = "Embed App Extensions";
			runOnlyForDeploymentPostprocessing = 0;
		};
		3E37F9DA1B912A2300F2F446 /* Embed Watch Content */ = {
			isa = PBXCopyFilesBuildPhase;
			buildActionMask = 2147483647;
			dstPath = "$(CONTENTS_FOLDER_PATH)/Watch";
			dstSubfolderSpec = 16;
			files = (
				3E37F9D21B912A2300F2F446 /* NanoDrinks.app in Embed Watch Content */,
			);
			name = "Embed Watch Content";
			runOnlyForDeploymentPostprocessing = 0;
		};
		ABE4F49819D750990048D853 /* Embed App Extensions */ = {
			isa = PBXCopyFilesBuildPhase;
			buildActionMask = 2147483647;
			dstPath = "";
			dstSubfolderSpec = 13;
			files = (
				ABE4F49219D750990048D853 /* Add Drinks.appex in Embed App Extensions */,
			);
			name = "Embed App Extensions";
			runOnlyForDeploymentPostprocessing = 0;
		};
/* End PBXCopyFilesBuildPhase section */

/* Begin PBXFileReference section */
		3E0E1FE61BA6F16200CF81DB /* MainInterfaceController.h */ = {isa = PBXFileReference; fileEncoding = 4; lastKnownFileType = sourcecode.c.h; path = MainInterfaceController.h; sourceTree = "<group>"; };
		3E0E1FE71BA6F16200CF81DB /* MainInterfaceController.m */ = {isa = PBXFileReference; fileEncoding = 4; lastKnownFileType = sourcecode.c.objc; path = MainInterfaceController.m; sourceTree = "<group>"; };
		3E2527521BAE0182001C4827 /* GlanceInterfaceController.h */ = {isa = PBXFileReference; fileEncoding = 4; lastKnownFileType = sourcecode.c.h; path = GlanceInterfaceController.h; sourceTree = "<group>"; };
		3E2527531BAE0182001C4827 /* GlanceInterfaceController.m */ = {isa = PBXFileReference; fileEncoding = 4; lastKnownFileType = sourcecode.c.objc; path = GlanceInterfaceController.m; sourceTree = "<group>"; };
		3E37F9AC1B91295B00F2F446 /* BACTimelineItem.h */ = {isa = PBXFileReference; fileEncoding = 4; lastKnownFileType = sourcecode.c.h; path = BACTimelineItem.h; sourceTree = "<group>"; };
		3E37F9AD1B91295B00F2F446 /* BACTimelineItem.m */ = {isa = PBXFileReference; fileEncoding = 4; lastKnownFileType = sourcecode.c.objc; path = BACTimelineItem.m; sourceTree = "<group>"; };
		3E37F9B31B912A2200F2F446 /* NanoDrinks.app */ = {isa = PBXFileReference; explicitFileType = wrapper.application; includeInIndex = 0; path = NanoDrinks.app; sourceTree = BUILT_PRODUCTS_DIR; };
		3E37F9B61B912A2200F2F446 /* Base */ = {isa = PBXFileReference; lastKnownFileType = file.storyboard; name = Base; path = Base.lproj/Interface.storyboard; sourceTree = "<group>"; };
		3E37F9B81B912A2200F2F446 /* Assets.xcassets */ = {isa = PBXFileReference; lastKnownFileType = folder.assetcatalog; path = Assets.xcassets; sourceTree = "<group>"; };
		3E37F9BA1B912A2200F2F446 /* Info.plist */ = {isa = PBXFileReference; lastKnownFileType = text.plist.xml; path = Info.plist; sourceTree = "<group>"; };
		3E37F9BF1B912A2200F2F446 /* NanoDrinks Extension.appex */ = {isa = PBXFileReference; explicitFileType = "wrapper.app-extension"; includeInIndex = 0; path = "NanoDrinks Extension.appex"; sourceTree = BUILT_PRODUCTS_DIR; };
		3E37F9C71B912A2200F2F446 /* ExtensionDelegate.h */ = {isa = PBXFileReference; lastKnownFileType = sourcecode.c.h; path = ExtensionDelegate.h; sourceTree = "<group>"; };
		3E37F9C81B912A2200F2F446 /* ExtensionDelegate.m */ = {isa = PBXFileReference; lastKnownFileType = sourcecode.c.objc; path = ExtensionDelegate.m; sourceTree = "<group>"; };
		3E37F9CA1B912A2200F2F446 /* ComplicationController.h */ = {isa = PBXFileReference; lastKnownFileType = sourcecode.c.h; path = ComplicationController.h; sourceTree = "<group>"; };
		3E37F9CB1B912A2300F2F446 /* ComplicationController.m */ = {isa = PBXFileReference; lastKnownFileType = sourcecode.c.objc; path = ComplicationController.m; sourceTree = "<group>"; };
		3E37F9CD1B912A2300F2F446 /* Assets.xcassets */ = {isa = PBXFileReference; lastKnownFileType = folder.assetcatalog; path = Assets.xcassets; sourceTree = "<group>"; };
		3E37F9CF1B912A2300F2F446 /* Info.plist */ = {isa = PBXFileReference; lastKnownFileType = text.plist.xml; path = Info.plist; sourceTree = "<group>"; };
		3E37F9DB1B912A9800F2F446 /* NanoDrinks Extension.entitlements */ = {isa = PBXFileReference; lastKnownFileType = text.xml; path = "NanoDrinks Extension.entitlements"; sourceTree = "<group>"; };
		3E3F16A51B1FF4AC0066A508 /* ANDBackgroundChartView.h */ = {isa = PBXFileReference; fileEncoding = 4; lastKnownFileType = sourcecode.c.h; path = ANDBackgroundChartView.h; sourceTree = "<group>"; };
		3E3F16A61B1FF4AC0066A508 /* ANDBackgroundChartView.m */ = {isa = PBXFileReference; fileEncoding = 4; lastKnownFileType = sourcecode.c.objc; path = ANDBackgroundChartView.m; sourceTree = "<group>"; };
		3E3F16A71B1FF4AC0066A508 /* ANDInternalLineChartView.h */ = {isa = PBXFileReference; fileEncoding = 4; lastKnownFileType = sourcecode.c.h; path = ANDInternalLineChartView.h; sourceTree = "<group>"; };
		3E3F16A81B1FF4AC0066A508 /* ANDInternalLineChartView.m */ = {isa = PBXFileReference; fileEncoding = 4; lastKnownFileType = sourcecode.c.objc; path = ANDInternalLineChartView.m; sourceTree = "<group>"; };
		3E3F16A91B1FF4AC0066A508 /* ANDLineChartView.h */ = {isa = PBXFileReference; fileEncoding = 4; lastKnownFileType = sourcecode.c.h; path = ANDLineChartView.h; sourceTree = "<group>"; };
		3E3F16AA1B1FF4AC0066A508 /* ANDLineChartView.m */ = {isa = PBXFileReference; fileEncoding = 4; lastKnownFileType = sourcecode.c.objc; path = ANDLineChartView.m; sourceTree = "<group>"; };
		3E4E7B461B92767B008FC487 /* NanoDrinks.entitlements */ = {isa = PBXFileReference; lastKnownFileType = text.xml; path = NanoDrinks.entitlements; sourceTree = "<group>"; };
		3E4E7B471B952859008FC487 /* AppWatchConnectionManager.h */ = {isa = PBXFileReference; fileEncoding = 4; lastKnownFileType = sourcecode.c.h; path = AppWatchConnectionManager.h; sourceTree = "<group>"; };
		3E4E7B481B952859008FC487 /* AppWatchConnectionManager.m */ = {isa = PBXFileReference; fileEncoding = 4; lastKnownFileType = sourcecode.c.objc; path = AppWatchConnectionManager.m; sourceTree = "<group>"; };
		3E4E7B4E1B9874AE008FC487 /* WatchConnectionManager.h */ = {isa = PBXFileReference; fileEncoding = 4; lastKnownFileType = sourcecode.c.h; path = WatchConnectionManager.h; sourceTree = "<group>"; };
		3E4E7B4F1B9874AE008FC487 /* WatchConnectionManager.m */ = {isa = PBXFileReference; fileEncoding = 4; lastKnownFileType = sourcecode.c.objc; path = WatchConnectionManager.m; sourceTree = "<group>"; };
		3EBB1C2B1A5993610006EAC5 /* Base */ = {isa = PBXFileReference; lastKnownFileType = file.storyboard; name = Base; path = Base.lproj/Main.storyboard; sourceTree = "<group>"; };
		3ECBAE3E1BA5C94C005DE4A2 /* SessionDetailsViewController.h */ = {isa = PBXFileReference; fileEncoding = 4; lastKnownFileType = sourcecode.c.h; path = SessionDetailsViewController.h; sourceTree = "<group>"; };
		3ECBAE3F1BA5C94C005DE4A2 /* SessionDetailsViewController.m */ = {isa = PBXFileReference; fileEncoding = 4; lastKnownFileType = sourcecode.c.objc; path = SessionDetailsViewController.m; sourceTree = "<group>"; };
		3ECBAE411BA5F146005DE4A2 /* HealthKit.framework */ = {isa = PBXFileReference; lastKnownFileType = wrapper.framework; name = HealthKit.framework; path = Platforms/WatchOS.platform/Developer/SDKs/WatchOS2.0.sdk/System/Library/Frameworks/HealthKit.framework; sourceTree = DEVELOPER_DIR; };
		3EEB1C1E1BA47A82004EB78A /* UserPreferences.h */ = {isa = PBXFileReference; fileEncoding = 4; lastKnownFileType = sourcecode.c.h; path = UserPreferences.h; sourceTree = "<group>"; };
		3EEB1C1F1BA47A82004EB78A /* UserPreferences.m */ = {isa = PBXFileReference; fileEncoding = 4; lastKnownFileType = sourcecode.c.objc; path = UserPreferences.m; sourceTree = "<group>"; };
		3EEF1FC41BA8F6720000F8D0 /* iOSWatchConnectionManager.h */ = {isa = PBXFileReference; fileEncoding = 4; lastKnownFileType = sourcecode.c.h; path = iOSWatchConnectionManager.h; sourceTree = "<group>"; };
		3EEF1FC51BA8F6720000F8D0 /* iOSWatchConnectionManager.m */ = {isa = PBXFileReference; fileEncoding = 4; lastKnownFileType = sourcecode.c.objc; path = iOSWatchConnectionManager.m; sourceTree = "<group>"; };
		3EEF1FC71BA98DCE0000F8D0 /* NewDrinkInterfaceController.h */ = {isa = PBXFileReference; fileEncoding = 4; lastKnownFileType = sourcecode.c.h; path = NewDrinkInterfaceController.h; sourceTree = "<group>"; };
		3EEF1FC81BA98DCE0000F8D0 /* NewDrinkInterfaceController.m */ = {isa = PBXFileReference; fileEncoding = 4; lastKnownFileType = sourcecode.c.objc; path = NewDrinkInterfaceController.m; sourceTree = "<group>"; };
		AB125D8E19D8790A00D16008 /* ProfileViewController.h */ = {isa = PBXFileReference; fileEncoding = 4; lastKnownFileType = sourcecode.c.h; path = ProfileViewController.h; sourceTree = "<group>"; };
		AB125D8F19D8790A00D16008 /* ProfileViewController.m */ = {isa = PBXFileReference; fileEncoding = 4; lastKnownFileType = sourcecode.c.objc; path = ProfileViewController.m; sourceTree = "<group>"; };
		AB3B1F811A217496004CD7C2 /* DrinkingSession.h */ = {isa = PBXFileReference; fileEncoding = 4; lastKnownFileType = sourcecode.c.h; path = DrinkingSession.h; sourceTree = "<group>"; };
		AB3B1F821A217496004CD7C2 /* DrinkingSession.m */ = {isa = PBXFileReference; fileEncoding = 4; lastKnownFileType = sourcecode.c.objc; path = DrinkingSession.m; sourceTree = "<group>"; };
		AB40B4211A2259DA00CDB971 /* ReadWeight WatchKit Extension.entitlements */ = {isa = PBXFileReference; lastKnownFileType = text.xml; path = "ReadWeight WatchKit Extension.entitlements"; sourceTree = "<group>"; };
		AB56FA3619D5F2EC00E04C87 /* JNKeychain.h */ = {isa = PBXFileReference; fileEncoding = 4; lastKnownFileType = sourcecode.c.h; path = JNKeychain.h; sourceTree = "<group>"; };
		AB56FA3719D5F2EC00E04C87 /* JNKeychain.m */ = {isa = PBXFileReference; fileEncoding = 4; lastKnownFileType = sourcecode.c.objc; path = JNKeychain.m; sourceTree = "<group>"; };
		AB5FAAB919D4EC0900793572 /* ActionSheetStringPicker.h */ = {isa = PBXFileReference; fileEncoding = 4; lastKnownFileType = sourcecode.c.h; path = ActionSheetStringPicker.h; sourceTree = "<group>"; };
		AB5FAABA19D4EC0900793572 /* ActionSheetStringPicker.m */ = {isa = PBXFileReference; fileEncoding = 4; lastKnownFileType = sourcecode.c.objc; path = ActionSheetStringPicker.m; sourceTree = "<group>"; };
		AB5FAABC19D4EFAB00793572 /* AbstractActionSheetPicker.h */ = {isa = PBXFileReference; fileEncoding = 4; lastKnownFileType = sourcecode.c.h; path = AbstractActionSheetPicker.h; sourceTree = "<group>"; };
		AB5FAABD19D4EFAB00793572 /* AbstractActionSheetPicker.m */ = {isa = PBXFileReference; fileEncoding = 4; lastKnownFileType = sourcecode.c.objc; path = AbstractActionSheetPicker.m; sourceTree = "<group>"; };
		AB5FAAC019D4F00900793572 /* ActionSheetCustomPicker.h */ = {isa = PBXFileReference; fileEncoding = 4; lastKnownFileType = sourcecode.c.h; path = ActionSheetCustomPicker.h; sourceTree = "<group>"; };
		AB5FAAC119D4F00900793572 /* ActionSheetCustomPicker.m */ = {isa = PBXFileReference; fileEncoding = 4; lastKnownFileType = sourcecode.c.objc; path = ActionSheetCustomPicker.m; sourceTree = "<group>"; };
		AB5FAAC219D4F00900793572 /* ActionSheetCustomPickerDelegate.h */ = {isa = PBXFileReference; fileEncoding = 4; lastKnownFileType = sourcecode.c.h; path = ActionSheetCustomPickerDelegate.h; sourceTree = "<group>"; };
		AB5FAAC319D4F00900793572 /* ActionSheetDatePicker.h */ = {isa = PBXFileReference; fileEncoding = 4; lastKnownFileType = sourcecode.c.h; path = ActionSheetDatePicker.h; sourceTree = "<group>"; };
		AB5FAAC419D4F00900793572 /* ActionSheetDatePicker.m */ = {isa = PBXFileReference; fileEncoding = 4; lastKnownFileType = sourcecode.c.objc; path = ActionSheetDatePicker.m; sourceTree = "<group>"; };
		AB5FAAC519D4F00900793572 /* ActionSheetDistancePicker.h */ = {isa = PBXFileReference; fileEncoding = 4; lastKnownFileType = sourcecode.c.h; path = ActionSheetDistancePicker.h; sourceTree = "<group>"; };
		AB5FAAC619D4F00900793572 /* ActionSheetDistancePicker.m */ = {isa = PBXFileReference; fileEncoding = 4; lastKnownFileType = sourcecode.c.objc; path = ActionSheetDistancePicker.m; sourceTree = "<group>"; };
		AB5FAAC719D4F00900793572 /* ActionSheetLocalePicker.h */ = {isa = PBXFileReference; fileEncoding = 4; lastKnownFileType = sourcecode.c.h; path = ActionSheetLocalePicker.h; sourceTree = "<group>"; };
		AB5FAAC819D4F00900793572 /* ActionSheetLocalePicker.m */ = {isa = PBXFileReference; fileEncoding = 4; lastKnownFileType = sourcecode.c.objc; path = ActionSheetLocalePicker.m; sourceTree = "<group>"; };
		AB5FAAC919D4F00900793572 /* DistancePickerView.h */ = {isa = PBXFileReference; fileEncoding = 4; lastKnownFileType = sourcecode.c.h; path = DistancePickerView.h; sourceTree = "<group>"; };
		AB5FAACA19D4F00900793572 /* DistancePickerView.m */ = {isa = PBXFileReference; fileEncoding = 4; lastKnownFileType = sourcecode.c.objc; path = DistancePickerView.m; sourceTree = "<group>"; };
		AB5FAACB19D4F00900793572 /* SWActionSheet.h */ = {isa = PBXFileReference; fileEncoding = 4; lastKnownFileType = sourcecode.c.h; path = SWActionSheet.h; sourceTree = "<group>"; };
		AB5FAACC19D4F00900793572 /* SWActionSheet.m */ = {isa = PBXFileReference; fileEncoding = 4; lastKnownFileType = sourcecode.c.objc; path = SWActionSheet.m; sourceTree = "<group>"; };
		AB5FAAD319D4F17A00793572 /* TransLoadingIndicator.h */ = {isa = PBXFileReference; fileEncoding = 4; lastKnownFileType = sourcecode.c.h; path = TransLoadingIndicator.h; sourceTree = "<group>"; };
		AB5FAAD419D4F17A00793572 /* TransLoadingIndicator.m */ = {isa = PBXFileReference; fileEncoding = 4; lastKnownFileType = sourcecode.c.objc; path = TransLoadingIndicator.m; sourceTree = "<group>"; };
		AB68BF3E1A1D925500CD87F3 /* HealthKitRequestViewController.h */ = {isa = PBXFileReference; fileEncoding = 4; lastKnownFileType = sourcecode.c.h; path = HealthKitRequestViewController.h; sourceTree = "<group>"; };
		AB68BF3F1A1D925500CD87F3 /* HealthKitRequestViewController.m */ = {isa = PBXFileReference; fileEncoding = 4; lastKnownFileType = sourcecode.c.objc; path = HealthKitRequestViewController.m; sourceTree = "<group>"; };
		AB68BF411A1D927100CD87F3 /* RegistrationWorkflowNavigationController.h */ = {isa = PBXFileReference; fileEncoding = 4; lastKnownFileType = sourcecode.c.h; path = RegistrationWorkflowNavigationController.h; sourceTree = "<group>"; };
		AB68BF421A1D927100CD87F3 /* RegistrationWorkflowNavigationController.m */ = {isa = PBXFileReference; fileEncoding = 4; lastKnownFileType = sourcecode.c.objc; path = RegistrationWorkflowNavigationController.m; sourceTree = "<group>"; };
		AB68BF4B1A1E261600CD87F3 /* HealthKitInfoViewController.h */ = {isa = PBXFileReference; fileEncoding = 4; lastKnownFileType = sourcecode.c.h; path = HealthKitInfoViewController.h; sourceTree = "<group>"; };
		AB68BF4C1A1E261600CD87F3 /* HealthKitInfoViewController.m */ = {isa = PBXFileReference; fileEncoding = 4; lastKnownFileType = sourcecode.c.objc; path = HealthKitInfoViewController.m; sourceTree = "<group>"; };
		AB68BF531A1EDCF300CD87F3 /* StoredDataManager.m */ = {isa = PBXFileReference; fileEncoding = 4; lastKnownFileType = sourcecode.c.objc; path = StoredDataManager.m; sourceTree = "<group>"; };
		AB7FA05D1A22536D00B824A0 /* WatchKit.framework */ = {isa = PBXFileReference; lastKnownFileType = wrapper.framework; name = WatchKit.framework; path = System/Library/Frameworks/WatchKit.framework; sourceTree = SDKROOT; };
		AB7FA0611A22536D00B824A0 /* Info.plist */ = {isa = PBXFileReference; lastKnownFileType = text.plist.xml; path = Info.plist; sourceTree = "<group>"; };
		AB7FA0621A22536D00B824A0 /* PushNotificationPayload.json */ = {isa = PBXFileReference; lastKnownFileType = text.json; path = PushNotificationPayload.json; sourceTree = "<group>"; };
		AB7FA0661A22536D00B824A0 /* NotificationController.h */ = {isa = PBXFileReference; lastKnownFileType = sourcecode.c.h; path = NotificationController.h; sourceTree = "<group>"; };
		AB7FA0671A22536D00B824A0 /* NotificationController.m */ = {isa = PBXFileReference; lastKnownFileType = sourcecode.c.objc; path = NotificationController.m; sourceTree = "<group>"; };
		AB7FA06C1A22536D00B824A0 /* Images.xcassets */ = {isa = PBXFileReference; lastKnownFileType = folder.assetcatalog; path = Images.xcassets; sourceTree = "<group>"; };
		AB8E08031A22C46700D81388 /* SessionDetailsController.h */ = {isa = PBXFileReference; fileEncoding = 4; lastKnownFileType = sourcecode.c.h; path = SessionDetailsController.h; sourceTree = "<group>"; };
		AB8E08041A22C46700D81388 /* SessionDetailsController.m */ = {isa = PBXFileReference; fileEncoding = 4; lastKnownFileType = sourcecode.c.objc; path = SessionDetailsController.m; sourceTree = "<group>"; };
		ABA72CE81A2A163100D0B2A9 /* MainViewController.h */ = {isa = PBXFileReference; fileEncoding = 4; lastKnownFileType = sourcecode.c.h; path = MainViewController.h; sourceTree = "<group>"; };
		ABA72CE91A2A163100D0B2A9 /* MainViewController.m */ = {isa = PBXFileReference; fileEncoding = 4; lastKnownFileType = sourcecode.c.objc; path = MainViewController.m; sourceTree = "<group>"; };
		ABB53BE119D48F9F006F9DBD /* ReadWeight.app */ = {isa = PBXFileReference; explicitFileType = wrapper.application; includeInIndex = 0; path = ReadWeight.app; sourceTree = BUILT_PRODUCTS_DIR; };
		ABB53BE519D48F9F006F9DBD /* Info.plist */ = {isa = PBXFileReference; lastKnownFileType = text.plist.xml; path = Info.plist; sourceTree = "<group>"; };
		ABB53BE619D48F9F006F9DBD /* main.m */ = {isa = PBXFileReference; lastKnownFileType = sourcecode.c.objc; path = main.m; sourceTree = "<group>"; };
		ABB53BE819D48F9F006F9DBD /* AppDelegate.h */ = {isa = PBXFileReference; lastKnownFileType = sourcecode.c.h; path = AppDelegate.h; sourceTree = "<group>"; };
		ABB53BE919D48F9F006F9DBD /* AppDelegate.m */ = {isa = PBXFileReference; lastKnownFileType = sourcecode.c.objc; path = AppDelegate.m; sourceTree = "<group>"; };
		ABB53BF119D48F9F006F9DBD /* Images.xcassets */ = {isa = PBXFileReference; lastKnownFileType = folder.assetcatalog; path = Images.xcassets; sourceTree = "<group>"; };
		ABB53BFA19D48F9F006F9DBD /* ReadWeightTests.xctest */ = {isa = PBXFileReference; explicitFileType = wrapper.cfbundle; includeInIndex = 0; path = ReadWeightTests.xctest; sourceTree = BUILT_PRODUCTS_DIR; };
		ABB53BFF19D48F9F006F9DBD /* Info.plist */ = {isa = PBXFileReference; lastKnownFileType = text.plist.xml; path = Info.plist; sourceTree = "<group>"; };
		ABB53C0019D48F9F006F9DBD /* ReadWeightTests.m */ = {isa = PBXFileReference; lastKnownFileType = sourcecode.c.objc; path = ReadWeightTests.m; sourceTree = "<group>"; };
		ABB53C0A19D48FBE006F9DBD /* ReadWeight.entitlements */ = {isa = PBXFileReference; lastKnownFileType = text.xml; path = ReadWeight.entitlements; sourceTree = "<group>"; };
		ABB53C0B19D48FBE006F9DBD /* HealthKit.framework */ = {isa = PBXFileReference; lastKnownFileType = wrapper.framework; name = HealthKit.framework; path = System/Library/Frameworks/HealthKit.framework; sourceTree = SDKROOT; };
		ABD49FED1A1F772700A3A059 /* HealthKitManager.m */ = {isa = PBXFileReference; fileEncoding = 4; lastKnownFileType = sourcecode.c.objc; path = HealthKitManager.m; sourceTree = "<group>"; };
		ABD49FEE1A1F772700A3A059 /* HealthKitManager.h */ = {isa = PBXFileReference; fileEncoding = 4; lastKnownFileType = sourcecode.c.h; path = HealthKitManager.h; sourceTree = "<group>"; };
		ABD49FF01A20310F00A3A059 /* StoredDataManager.h */ = {isa = PBXFileReference; fileEncoding = 4; lastKnownFileType = sourcecode.c.h; path = StoredDataManager.h; sourceTree = "<group>"; };
		ABDA7D281A28BB1700CD61C7 /* AddDrinkContext.h */ = {isa = PBXFileReference; fileEncoding = 4; lastKnownFileType = sourcecode.c.h; path = AddDrinkContext.h; sourceTree = "<group>"; };
		ABDA7D291A28BB1700CD61C7 /* AddDrinkContext.m */ = {isa = PBXFileReference; fileEncoding = 4; lastKnownFileType = sourcecode.c.objc; path = AddDrinkContext.m; sourceTree = "<group>"; };
		ABE262E219D5FC4D00710A3F /* AddDrinkViewController.h */ = {isa = PBXFileReference; fileEncoding = 4; lastKnownFileType = sourcecode.c.h; path = AddDrinkViewController.h; sourceTree = "<group>"; };
		ABE262E319D5FC4D00710A3F /* AddDrinkViewController.m */ = {isa = PBXFileReference; fileEncoding = 4; lastKnownFileType = sourcecode.c.objc; path = AddDrinkViewController.m; sourceTree = "<group>"; };
		ABE4F47A19D610240048D853 /* Drink.h */ = {isa = PBXFileReference; fileEncoding = 4; lastKnownFileType = sourcecode.c.h; path = Drink.h; sourceTree = "<group>"; };
		ABE4F47B19D610240048D853 /* Drink.m */ = {isa = PBXFileReference; fileEncoding = 4; lastKnownFileType = sourcecode.c.objc; path = Drink.m; sourceTree = "<group>"; };
		ABE4F48419D750990048D853 /* Add Drinks.appex */ = {isa = PBXFileReference; explicitFileType = "wrapper.app-extension"; includeInIndex = 0; path = "Add Drinks.appex"; sourceTree = BUILT_PRODUCTS_DIR; };
		ABE4F48619D750990048D853 /* NotificationCenter.framework */ = {isa = PBXFileReference; lastKnownFileType = wrapper.framework; name = NotificationCenter.framework; path = System/Library/Frameworks/NotificationCenter.framework; sourceTree = SDKROOT; };
		ABE4F48A19D750990048D853 /* Info.plist */ = {isa = PBXFileReference; lastKnownFileType = text.plist.xml; path = Info.plist; sourceTree = "<group>"; };
		ABE4F48B19D750990048D853 /* TodayViewController.h */ = {isa = PBXFileReference; lastKnownFileType = sourcecode.c.h; path = TodayViewController.h; sourceTree = "<group>"; };
		ABE4F48C19D750990048D853 /* TodayViewController.m */ = {isa = PBXFileReference; lastKnownFileType = sourcecode.c.objc; path = TodayViewController.m; sourceTree = "<group>"; };
		ABE4F48E19D750990048D853 /* MainInterface.storyboard */ = {isa = PBXFileReference; lastKnownFileType = file.storyboard; path = MainInterface.storyboard; sourceTree = "<group>"; };
		ABE4F49919D750CE0048D853 /* Add Drinks.entitlements */ = {isa = PBXFileReference; lastKnownFileType = text.xml; path = "Add Drinks.entitlements"; sourceTree = "<group>"; };
/* End PBXFileReference section */

/* Begin PBXFrameworksBuildPhase section */
		3E37F9BC1B912A2200F2F446 /* Frameworks */ = {
			isa = PBXFrameworksBuildPhase;
			buildActionMask = 2147483647;
			files = (
				3ECBAE421BA5F146005DE4A2 /* HealthKit.framework in Frameworks */,
			);
			runOnlyForDeploymentPostprocessing = 0;
		};
		ABB53BDE19D48F9F006F9DBD /* Frameworks */ = {
			isa = PBXFrameworksBuildPhase;
			buildActionMask = 2147483647;
			files = (
				ABB53C0C19D48FBE006F9DBD /* HealthKit.framework in Frameworks */,
			);
			runOnlyForDeploymentPostprocessing = 0;
		};
		ABB53BF719D48F9F006F9DBD /* Frameworks */ = {
			isa = PBXFrameworksBuildPhase;
			buildActionMask = 2147483647;
			files = (
			);
			runOnlyForDeploymentPostprocessing = 0;
		};
		ABE4F48119D750990048D853 /* Frameworks */ = {
			isa = PBXFrameworksBuildPhase;
			buildActionMask = 2147483647;
			files = (
				ABE4F48719D750990048D853 /* NotificationCenter.framework in Frameworks */,
				AB3B1F851A218A1F004CD7C2 /* HealthKit.framework in Frameworks */,
			);
			runOnlyForDeploymentPostprocessing = 0;
		};
/* End PBXFrameworksBuildPhase section */

/* Begin PBXGroup section */
		3E37F9B41B912A2200F2F446 /* NanoDrinks */ = {
			isa = PBXGroup;
			children = (
				3E4E7B461B92767B008FC487 /* NanoDrinks.entitlements */,
				3E37F9B51B912A2200F2F446 /* Interface.storyboard */,
				3E37F9B81B912A2200F2F446 /* Assets.xcassets */,
				3E37F9BA1B912A2200F2F446 /* Info.plist */,
			);
			path = NanoDrinks;
			sourceTree = "<group>";
		};
		3E37F9C31B912A2200F2F446 /* NanoDrinks Extension */ = {
			isa = PBXGroup;
			children = (
				3E37F9DB1B912A9800F2F446 /* NanoDrinks Extension.entitlements */,
				3E0E1FE61BA6F16200CF81DB /* MainInterfaceController.h */,
				3E0E1FE71BA6F16200CF81DB /* MainInterfaceController.m */,
				3EEF1FC71BA98DCE0000F8D0 /* NewDrinkInterfaceController.h */,
				3EEF1FC81BA98DCE0000F8D0 /* NewDrinkInterfaceController.m */,
				3E37F9C71B912A2200F2F446 /* ExtensionDelegate.h */,
				3E37F9C81B912A2200F2F446 /* ExtensionDelegate.m */,
				3E37F9CA1B912A2200F2F446 /* ComplicationController.h */,
				3E37F9CB1B912A2300F2F446 /* ComplicationController.m */,
				3E4E7B4E1B9874AE008FC487 /* WatchConnectionManager.h */,
				3E4E7B4F1B9874AE008FC487 /* WatchConnectionManager.m */,
				3E2527521BAE0182001C4827 /* GlanceInterfaceController.h */,
				3E2527531BAE0182001C4827 /* GlanceInterfaceController.m */,
				3E37F9CD1B912A2300F2F446 /* Assets.xcassets */,
				3E37F9CF1B912A2300F2F446 /* Info.plist */,
			);
			path = "NanoDrinks Extension";
			sourceTree = "<group>";
		};
		3E3F16AE1B1FF4B20066A508 /* ANDLineChartView */ = {
			isa = PBXGroup;
			children = (
				3E3F16A51B1FF4AC0066A508 /* ANDBackgroundChartView.h */,
				3E3F16A61B1FF4AC0066A508 /* ANDBackgroundChartView.m */,
				3E3F16A71B1FF4AC0066A508 /* ANDInternalLineChartView.h */,
				3E3F16A81B1FF4AC0066A508 /* ANDInternalLineChartView.m */,
				3E3F16A91B1FF4AC0066A508 /* ANDLineChartView.h */,
				3E3F16AA1B1FF4AC0066A508 /* ANDLineChartView.m */,
			);
			name = ANDLineChartView;
			sourceTree = "<group>";
		};
		AB3B1F7E1A213451004CD7C2 /* Data Managers */ = {
			isa = PBXGroup;
			children = (
				AB56FA3619D5F2EC00E04C87 /* JNKeychain.h */,
				AB56FA3719D5F2EC00E04C87 /* JNKeychain.m */,
				ABD49FEE1A1F772700A3A059 /* HealthKitManager.h */,
				ABD49FED1A1F772700A3A059 /* HealthKitManager.m */,
				ABD49FF01A20310F00A3A059 /* StoredDataManager.h */,
				AB68BF531A1EDCF300CD87F3 /* StoredDataManager.m */,
				3E4E7B471B952859008FC487 /* AppWatchConnectionManager.h */,
				3E4E7B481B952859008FC487 /* AppWatchConnectionManager.m */,
				3EEF1FC41BA8F6720000F8D0 /* iOSWatchConnectionManager.h */,
				3EEF1FC51BA8F6720000F8D0 /* iOSWatchConnectionManager.m */,
				3EEB1C1E1BA47A82004EB78A /* UserPreferences.h */,
				3EEB1C1F1BA47A82004EB78A /* UserPreferences.m */,
			);
			name = "Data Managers";
			sourceTree = "<group>";
		};
		AB3B1F7F1A213953004CD7C2 /* App Delegate */ = {
			isa = PBXGroup;
			children = (
				ABB53BE819D48F9F006F9DBD /* AppDelegate.h */,
				ABB53BE919D48F9F006F9DBD /* AppDelegate.m */,
			);
			name = "App Delegate";
			sourceTree = "<group>";
		};
		AB3B1F801A21396E004CD7C2 /* Widgets */ = {
			isa = PBXGroup;
			children = (
				AB5FAAD319D4F17A00793572 /* TransLoadingIndicator.h */,
				AB5FAAD419D4F17A00793572 /* TransLoadingIndicator.m */,
				3E3F16AE1B1FF4B20066A508 /* ANDLineChartView */,
			);
			name = Widgets;
			sourceTree = "<group>";
		};
		AB5FAABF19D4EFB100793572 /* Action Picker */ = {
			isa = PBXGroup;
			children = (
				AB5FAAC019D4F00900793572 /* ActionSheetCustomPicker.h */,
				AB5FAAC119D4F00900793572 /* ActionSheetCustomPicker.m */,
				AB5FAAC219D4F00900793572 /* ActionSheetCustomPickerDelegate.h */,
				AB5FAAC319D4F00900793572 /* ActionSheetDatePicker.h */,
				AB5FAAC419D4F00900793572 /* ActionSheetDatePicker.m */,
				AB5FAAC519D4F00900793572 /* ActionSheetDistancePicker.h */,
				AB5FAAC619D4F00900793572 /* ActionSheetDistancePicker.m */,
				AB5FAAC719D4F00900793572 /* ActionSheetLocalePicker.h */,
				AB5FAAC819D4F00900793572 /* ActionSheetLocalePicker.m */,
				AB5FAAC919D4F00900793572 /* DistancePickerView.h */,
				AB5FAACA19D4F00900793572 /* DistancePickerView.m */,
				AB5FAACB19D4F00900793572 /* SWActionSheet.h */,
				AB5FAACC19D4F00900793572 /* SWActionSheet.m */,
				AB5FAAB919D4EC0900793572 /* ActionSheetStringPicker.h */,
				AB5FAABA19D4EC0900793572 /* ActionSheetStringPicker.m */,
				AB5FAABC19D4EFAB00793572 /* AbstractActionSheetPicker.h */,
				AB5FAABD19D4EFAB00793572 /* AbstractActionSheetPicker.m */,
			);
			name = "Action Picker";
			sourceTree = "<group>";
		};
		AB68BF441A1D927700CD87F3 /* Registration Workflow */ = {
			isa = PBXGroup;
			children = (
				AB68BF4E1A1EB99F00CD87F3 /* HealthKit */,
				AB68BF411A1D927100CD87F3 /* RegistrationWorkflowNavigationController.h */,
				AB68BF421A1D927100CD87F3 /* RegistrationWorkflowNavigationController.m */,
			);
			name = "Registration Workflow";
			sourceTree = "<group>";
		};
		AB68BF4E1A1EB99F00CD87F3 /* HealthKit */ = {
			isa = PBXGroup;
			children = (
				AB68BF3E1A1D925500CD87F3 /* HealthKitRequestViewController.h */,
				AB68BF3F1A1D925500CD87F3 /* HealthKitRequestViewController.m */,
				AB68BF4B1A1E261600CD87F3 /* HealthKitInfoViewController.h */,
				AB68BF4C1A1E261600CD87F3 /* HealthKitInfoViewController.m */,
			);
			name = HealthKit;
			sourceTree = "<group>";
		};
		AB7FA05F1A22536D00B824A0 /* ReadWeight WatchKit Extension */ = {
			isa = PBXGroup;
			children = (
				AB40B4211A2259DA00CDB971 /* ReadWeight WatchKit Extension.entitlements */,
				AB8E08031A22C46700D81388 /* SessionDetailsController.h */,
				AB8E08041A22C46700D81388 /* SessionDetailsController.m */,
				AB7FA0661A22536D00B824A0 /* NotificationController.h */,
				AB7FA0671A22536D00B824A0 /* NotificationController.m */,
				AB7FA06C1A22536D00B824A0 /* Images.xcassets */,
				AB7FA0601A22536D00B824A0 /* Supporting Files */,
			);
			path = "ReadWeight WatchKit Extension";
			sourceTree = "<group>";
		};
		AB7FA0601A22536D00B824A0 /* Supporting Files */ = {
			isa = PBXGroup;
			children = (
				AB7FA0611A22536D00B824A0 /* Info.plist */,
				AB7FA0621A22536D00B824A0 /* PushNotificationPayload.json */,
			);
			name = "Supporting Files";
			sourceTree = "<group>";
		};
		ABB53BD819D48F9F006F9DBD = {
			isa = PBXGroup;
			children = (
				AB7FA05F1A22536D00B824A0 /* ReadWeight WatchKit Extension */,
				3E37F9B41B912A2200F2F446 /* NanoDrinks */,
				3E37F9C31B912A2200F2F446 /* NanoDrinks Extension */,
				ABE4F48519D750990048D853 /* Frameworks */,
				ABB53BE319D48F9F006F9DBD /* ReadWeight */,
				ABB53BFD19D48F9F006F9DBD /* ReadWeightTests */,
				ABE4F48819D750990048D853 /* Add Drinks */,
				ABB53BE219D48F9F006F9DBD /* Products */,
			);
			sourceTree = "<group>";
		};
		ABB53BE219D48F9F006F9DBD /* Products */ = {
			isa = PBXGroup;
			children = (
				ABB53BE119D48F9F006F9DBD /* ReadWeight.app */,
				ABB53BFA19D48F9F006F9DBD /* ReadWeightTests.xctest */,
				ABE4F48419D750990048D853 /* Add Drinks.appex */,
				3E37F9B31B912A2200F2F446 /* NanoDrinks.app */,
				3E37F9BF1B912A2200F2F446 /* NanoDrinks Extension.appex */,
			);
			name = Products;
			sourceTree = "<group>";
		};
		ABB53BE319D48F9F006F9DBD /* ReadWeight */ = {
			isa = PBXGroup;
			children = (
				ABB53C0A19D48FBE006F9DBD /* ReadWeight.entitlements */,
				AB3B1F7F1A213953004CD7C2 /* App Delegate */,
				AB3B1F7E1A213451004CD7C2 /* Data Managers */,
				AB68BF441A1D927700CD87F3 /* Registration Workflow */,
				ABBB43FB1A28B85C004D197C /* iPhone View Controllers */,
				ABBB43FA1A28B83D004D197C /* DrinkingSession Data */,
				AB3B1F801A21396E004CD7C2 /* Widgets */,
				AB5FAABF19D4EFB100793572 /* Action Picker */,
				3EBB1C2C1A5993610006EAC5 /* Main.storyboard */,
				ABB53BF119D48F9F006F9DBD /* Images.xcassets */,
				ABB53BE419D48F9F006F9DBD /* Supporting Files */,
			);
			path = ReadWeight;
			sourceTree = "<group>";
		};
		ABB53BE419D48F9F006F9DBD /* Supporting Files */ = {
			isa = PBXGroup;
			children = (
				ABB53BE519D48F9F006F9DBD /* Info.plist */,
				ABB53BE619D48F9F006F9DBD /* main.m */,
			);
			name = "Supporting Files";
			sourceTree = "<group>";
		};
		ABB53BFD19D48F9F006F9DBD /* ReadWeightTests */ = {
			isa = PBXGroup;
			children = (
				ABB53C0019D48F9F006F9DBD /* ReadWeightTests.m */,
				ABB53BFE19D48F9F006F9DBD /* Supporting Files */,
			);
			path = ReadWeightTests;
			sourceTree = "<group>";
		};
		ABB53BFE19D48F9F006F9DBD /* Supporting Files */ = {
			isa = PBXGroup;
			children = (
				ABB53BFF19D48F9F006F9DBD /* Info.plist */,
			);
			name = "Supporting Files";
			sourceTree = "<group>";
		};
		ABBB43FA1A28B83D004D197C /* DrinkingSession Data */ = {
			isa = PBXGroup;
			children = (
				ABE4F47A19D610240048D853 /* Drink.h */,
				ABE4F47B19D610240048D853 /* Drink.m */,
				AB3B1F811A217496004CD7C2 /* DrinkingSession.h */,
				AB3B1F821A217496004CD7C2 /* DrinkingSession.m */,
				ABDA7D281A28BB1700CD61C7 /* AddDrinkContext.h */,
				ABDA7D291A28BB1700CD61C7 /* AddDrinkContext.m */,
				3E37F9AC1B91295B00F2F446 /* BACTimelineItem.h */,
				3E37F9AD1B91295B00F2F446 /* BACTimelineItem.m */,
			);
			name = "DrinkingSession Data";
			sourceTree = "<group>";
		};
		ABBB43FB1A28B85C004D197C /* iPhone View Controllers */ = {
			isa = PBXGroup;
			children = (
				ABA72CE81A2A163100D0B2A9 /* MainViewController.h */,
				ABA72CE91A2A163100D0B2A9 /* MainViewController.m */,
				AB125D8E19D8790A00D16008 /* ProfileViewController.h */,
				AB125D8F19D8790A00D16008 /* ProfileViewController.m */,
				3ECBAE3E1BA5C94C005DE4A2 /* SessionDetailsViewController.h */,
				3ECBAE3F1BA5C94C005DE4A2 /* SessionDetailsViewController.m */,
				ABE262E219D5FC4D00710A3F /* AddDrinkViewController.h */,
				ABE262E319D5FC4D00710A3F /* AddDrinkViewController.m */,
			);
			name = "iPhone View Controllers";
			sourceTree = "<group>";
		};
		ABE4F48519D750990048D853 /* Frameworks */ = {
			isa = PBXGroup;
			children = (
				3ECBAE411BA5F146005DE4A2 /* HealthKit.framework */,
				ABB53C0B19D48FBE006F9DBD /* HealthKit.framework */,
				ABE4F48619D750990048D853 /* NotificationCenter.framework */,
				AB7FA05D1A22536D00B824A0 /* WatchKit.framework */,
			);
			name = Frameworks;
			sourceTree = "<group>";
		};
		ABE4F48819D750990048D853 /* Add Drinks */ = {
			isa = PBXGroup;
			children = (
				ABE4F49919D750CE0048D853 /* Add Drinks.entitlements */,
				ABE4F48B19D750990048D853 /* TodayViewController.h */,
				ABE4F48C19D750990048D853 /* TodayViewController.m */,
				ABE4F48E19D750990048D853 /* MainInterface.storyboard */,
				ABE4F48919D750990048D853 /* Supporting Files */,
			);
			path = "Add Drinks";
			sourceTree = "<group>";
		};
		ABE4F48919D750990048D853 /* Supporting Files */ = {
			isa = PBXGroup;
			children = (
				ABE4F48A19D750990048D853 /* Info.plist */,
			);
			name = "Supporting Files";
			sourceTree = "<group>";
		};
/* End PBXGroup section */

/* Begin PBXNativeTarget section */
		3E37F9B21B912A2200F2F446 /* NanoDrinks */ = {
			isa = PBXNativeTarget;
			buildConfigurationList = 3E37F9D91B912A2300F2F446 /* Build configuration list for PBXNativeTarget "NanoDrinks" */;
			buildPhases = (
				3E37F9B11B912A2200F2F446 /* Resources */,
				3E37F9D81B912A2300F2F446 /* Embed App Extensions */,
			);
			buildRules = (
			);
			dependencies = (
				3E37F9C21B912A2200F2F446 /* PBXTargetDependency */,
			);
			name = NanoDrinks;
			productName = NanoDrinks;
			productReference = 3E37F9B31B912A2200F2F446 /* NanoDrinks.app */;
			productType = "com.apple.product-type.application.watchapp2";
		};
		3E37F9BE1B912A2200F2F446 /* NanoDrinks Extension */ = {
			isa = PBXNativeTarget;
			buildConfigurationList = 3E37F9D71B912A2300F2F446 /* Build configuration list for PBXNativeTarget "NanoDrinks Extension" */;
			buildPhases = (
				3E37F9BB1B912A2200F2F446 /* Sources */,
				3E37F9BC1B912A2200F2F446 /* Frameworks */,
				3E37F9BD1B912A2200F2F446 /* Resources */,
			);
			buildRules = (
			);
			dependencies = (
			);
			name = "NanoDrinks Extension";
			productName = "NanoDrinks Extension";
			productReference = 3E37F9BF1B912A2200F2F446 /* NanoDrinks Extension.appex */;
			productType = "com.apple.product-type.watchkit2-extension";
		};
		ABB53BE019D48F9F006F9DBD /* ReadWeight */ = {
			isa = PBXNativeTarget;
			buildConfigurationList = ABB53C0419D48F9F006F9DBD /* Build configuration list for PBXNativeTarget "ReadWeight" */;
			buildPhases = (
				ABB53BDD19D48F9F006F9DBD /* Sources */,
				ABB53BDE19D48F9F006F9DBD /* Frameworks */,
				ABB53BDF19D48F9F006F9DBD /* Resources */,
				ABE4F49819D750990048D853 /* Embed App Extensions */,
				3E37F9DA1B912A2300F2F446 /* Embed Watch Content */,
				3EEF1FCB1BABA4DF0000F8D0 /* ShellScript */,
			);
			buildRules = (
			);
			dependencies = (
				ABE4F49119D750990048D853 /* PBXTargetDependency */,
				ABE4F49419D750990048D853 /* PBXTargetDependency */,
				3E37F9D11B912A2300F2F446 /* PBXTargetDependency */,
			);
			name = ReadWeight;
			productName = ReadWeight;
			productReference = ABB53BE119D48F9F006F9DBD /* ReadWeight.app */;
			productType = "com.apple.product-type.application";
		};
		ABB53BF919D48F9F006F9DBD /* ReadWeightTests */ = {
			isa = PBXNativeTarget;
			buildConfigurationList = ABB53C0719D48F9F006F9DBD /* Build configuration list for PBXNativeTarget "ReadWeightTests" */;
			buildPhases = (
				ABB53BF619D48F9F006F9DBD /* Sources */,
				ABB53BF719D48F9F006F9DBD /* Frameworks */,
				ABB53BF819D48F9F006F9DBD /* Resources */,
			);
			buildRules = (
			);
			dependencies = (
				ABB53BFC19D48F9F006F9DBD /* PBXTargetDependency */,
			);
			name = ReadWeightTests;
			productName = ReadWeightTests;
			productReference = ABB53BFA19D48F9F006F9DBD /* ReadWeightTests.xctest */;
			productType = "com.apple.product-type.bundle.unit-test";
		};
		ABE4F48319D750990048D853 /* Add Drinks */ = {
			isa = PBXNativeTarget;
			buildConfigurationList = ABE4F49519D750990048D853 /* Build configuration list for PBXNativeTarget "Add Drinks" */;
			buildPhases = (
				ABE4F48019D750990048D853 /* Sources */,
				ABE4F48119D750990048D853 /* Frameworks */,
				ABE4F48219D750990048D853 /* Resources */,
			);
			buildRules = (
			);
			dependencies = (
			);
			name = "Add Drinks";
			productName = "Add Drinks";
			productReference = ABE4F48419D750990048D853 /* Add Drinks.appex */;
			productType = "com.apple.product-type.app-extension";
		};
/* End PBXNativeTarget section */

/* Begin PBXProject section */
		ABB53BD919D48F9F006F9DBD /* Project object */ = {
			isa = PBXProject;
			attributes = {
				LastUpgradeCheck = 0600;
				ORGANIZATIONNAME = "Calvin Chestnut";
				TargetAttributes = {
					3E37F9B21B912A2200F2F446 = {
						CreatedOnToolsVersion = 7.0;
						DevelopmentTeam = VDWJ8UMBJ6;
						SystemCapabilities = {
							com.apple.ApplicationGroups.iOS = {
								enabled = 1;
							};
						};
					};
					3E37F9BE1B912A2200F2F446 = {
						CreatedOnToolsVersion = 7.0;
						DevelopmentTeam = VDWJ8UMBJ6;
						SystemCapabilities = {
							com.apple.ApplicationGroups.iOS = {
								enabled = 1;
							};
							com.apple.HealthKit = {
								enabled = 1;
							};
						};
					};
					ABB53BE019D48F9F006F9DBD = {
						CreatedOnToolsVersion = 6.0;
						DevelopmentTeam = VDWJ8UMBJ6;
						SystemCapabilities = {
							com.apple.ApplicationGroups.iOS = {
								enabled = 1;
							};
							com.apple.BackgroundModes = {
								enabled = 1;
							};
							com.apple.HealthKit = {
								enabled = 1;
							};
							com.apple.Keychain = {
								enabled = 1;
							};
						};
					};
					ABB53BF919D48F9F006F9DBD = {
						CreatedOnToolsVersion = 6.0;
						TestTargetID = ABB53BE019D48F9F006F9DBD;
					};
					ABE4F48319D750990048D853 = {
						CreatedOnToolsVersion = 6.0;
						DevelopmentTeam = VDWJ8UMBJ6;
						SystemCapabilities = {
							com.apple.ApplicationGroups.iOS = {
								enabled = 1;
							};
							com.apple.HealthKit = {
								enabled = 1;
							};
							com.apple.Keychain = {
								enabled = 1;
							};
						};
					};
				};
			};
			buildConfigurationList = ABB53BDC19D48F9F006F9DBD /* Build configuration list for PBXProject "DrinkTracker" */;
			compatibilityVersion = "Xcode 3.2";
			developmentRegion = English;
			hasScannedForEncodings = 0;
			knownRegions = (
				en,
				Base,
			);
			mainGroup = ABB53BD819D48F9F006F9DBD;
			productRefGroup = ABB53BE219D48F9F006F9DBD /* Products */;
			projectDirPath = "";
			projectRoot = "";
			targets = (
				ABB53BE019D48F9F006F9DBD /* ReadWeight */,
				ABB53BF919D48F9F006F9DBD /* ReadWeightTests */,
				ABE4F48319D750990048D853 /* Add Drinks */,
				3E37F9B21B912A2200F2F446 /* NanoDrinks */,
				3E37F9BE1B912A2200F2F446 /* NanoDrinks Extension */,
			);
		};
/* End PBXProject section */

/* Begin PBXResourcesBuildPhase section */
		3E37F9B11B912A2200F2F446 /* Resources */ = {
			isa = PBXResourcesBuildPhase;
			buildActionMask = 2147483647;
			files = (
				3E2347811BA0647B007A99D7 /* Images.xcassets in Resources */,
				3E37F9B91B912A2200F2F446 /* Assets.xcassets in Resources */,
				3E37F9B71B912A2200F2F446 /* Interface.storyboard in Resources */,
			);
			runOnlyForDeploymentPostprocessing = 0;
		};
		3E37F9BD1B912A2200F2F446 /* Resources */ = {
			isa = PBXResourcesBuildPhase;
			buildActionMask = 2147483647;
			files = (
				3EEF1FCA1BA997750000F8D0 /* Assets.xcassets in Resources */,
				3E37F9CE1B912A2300F2F446 /* Assets.xcassets in Resources */,
			);
			runOnlyForDeploymentPostprocessing = 0;
		};
		ABB53BDF19D48F9F006F9DBD /* Resources */ = {
			isa = PBXResourcesBuildPhase;
			buildActionMask = 2147483647;
			files = (
				3EBB1C2A1A5993610006EAC5 /* Main.storyboard in Resources */,
				ABB53BF219D48F9F006F9DBD /* Images.xcassets in Resources */,
			);
			runOnlyForDeploymentPostprocessing = 0;
		};
		ABB53BF819D48F9F006F9DBD /* Resources */ = {
			isa = PBXResourcesBuildPhase;
			buildActionMask = 2147483647;
			files = (
			);
			runOnlyForDeploymentPostprocessing = 0;
		};
		ABE4F48219D750990048D853 /* Resources */ = {
			isa = PBXResourcesBuildPhase;
			buildActionMask = 2147483647;
			files = (
				ABE4F48F19D750990048D853 /* MainInterface.storyboard in Resources */,
				ABE4F49B19D758C00048D853 /* Images.xcassets in Resources */,
			);
			runOnlyForDeploymentPostprocessing = 0;
		};
/* End PBXResourcesBuildPhase section */

/* Begin PBXShellScriptBuildPhase section */
		3EEF1FCB1BABA4DF0000F8D0 /* ShellScript */ = {
			isa = PBXShellScriptBuildPhase;
			buildActionMask = 2147483647;
			files = (
			);
			inputPaths = (
			);
			outputPaths = (
			);
			runOnlyForDeploymentPostprocessing = 0;
			shellPath = /bin/sh;
			shellScript = "";
		};
/* End PBXShellScriptBuildPhase section */

/* Begin PBXSourcesBuildPhase section */
		3E37F9BB1B912A2200F2F446 /* Sources */ = {
			isa = PBXSourcesBuildPhase;
			buildActionMask = 2147483647;
			files = (
				3E37F9DE1B912B4A00F2F446 /* AddDrinkContext.m in Sources */,
				3E23477F1BA06333007A99D7 /* NotificationController.m in Sources */,
				3EEB1C211BA47A83004EB78A /* UserPreferences.m in Sources */,
				3E0E1FE81BA6F16200CF81DB /* MainInterfaceController.m in Sources */,
				3E37F9DD1B912B4A00F2F446 /* DrinkingSession.m in Sources */,
				3EEF1FC91BA98DCE0000F8D0 /* NewDrinkInterfaceController.m in Sources */,
				3E37F9CC1B912A2300F2F446 /* ComplicationController.m in Sources */,
				3ECBAE441BA62C40005DE4A2 /* HealthKitManager.m in Sources */,
				3E4E7B501B9874AE008FC487 /* WatchConnectionManager.m in Sources */,
				3E4E7B4A1B952859008FC487 /* AppWatchConnectionManager.m in Sources */,
				3E37F9C91B912A2200F2F446 /* ExtensionDelegate.m in Sources */,
				3E37F9DC1B912B4A00F2F446 /* Drink.m in Sources */,
				3E4E7B4B1B95CDEC008FC487 /* StoredDataManager.m in Sources */,
				3E37F9DF1B912B4A00F2F446 /* BACTimelineItem.m in Sources */,
				3E23477E1BA06333007A99D7 /* SessionDetailsController.m in Sources */,
				3E2527541BAE0182001C4827 /* GlanceInterfaceController.m in Sources */,
			);
			runOnlyForDeploymentPostprocessing = 0;
		};
		ABB53BDD19D48F9F006F9DBD /* Sources */ = {
			isa = PBXSourcesBuildPhase;
			buildActionMask = 2147483647;
			files = (
				AB56FA3819D5F2EC00E04C87 /* JNKeychain.m in Sources */,
				AB5FAABB19D4EC0900793572 /* ActionSheetStringPicker.m in Sources */,
				AB5FAAD019D4F00900793572 /* ActionSheetLocalePicker.m in Sources */,
				AB125D9019D8790A00D16008 /* ProfileViewController.m in Sources */,
				3EEF1FC61BA8F6720000F8D0 /* iOSWatchConnectionManager.m in Sources */,
				3EEB1C201BA47A83004EB78A /* UserPreferences.m in Sources */,
				ABD49FEF1A1F772700A3A059 /* HealthKitManager.m in Sources */,
				AB68BF401A1D925500CD87F3 /* HealthKitRequestViewController.m in Sources */,
				AB68BF431A1D927100CD87F3 /* RegistrationWorkflowNavigationController.m in Sources */,
				ABE262E419D5FC4D00710A3F /* AddDrinkViewController.m in Sources */,
				AB5FAABE19D4EFAB00793572 /* AbstractActionSheetPicker.m in Sources */,
				3E37F9AE1B91295B00F2F446 /* BACTimelineItem.m in Sources */,
				AB5FAAD119D4F00900793572 /* DistancePickerView.m in Sources */,
				3E3F16AC1B1FF4AC0066A508 /* ANDInternalLineChartView.m in Sources */,
				3E3F16AD1B1FF4AC0066A508 /* ANDLineChartView.m in Sources */,
				ABE4F47C19D610240048D853 /* Drink.m in Sources */,
				3E3F16AB1B1FF4AC0066A508 /* ANDBackgroundChartView.m in Sources */,
				ABB53BEA19D48F9F006F9DBD /* AppDelegate.m in Sources */,
				ABA72CEA1A2A163100D0B2A9 /* MainViewController.m in Sources */,
				AB5FAACD19D4F00900793572 /* ActionSheetCustomPicker.m in Sources */,
				AB3B1F831A217496004CD7C2 /* DrinkingSession.m in Sources */,
				ABDA7D2A1A28BB1700CD61C7 /* AddDrinkContext.m in Sources */,
				AB5FAACE19D4F00900793572 /* ActionSheetDatePicker.m in Sources */,
				3E4E7B491B952859008FC487 /* AppWatchConnectionManager.m in Sources */,
				AB68BF541A1EDCF300CD87F3 /* StoredDataManager.m in Sources */,
				AB68BF4D1A1E261600CD87F3 /* HealthKitInfoViewController.m in Sources */,
				AB5FAAD519D4F17A00793572 /* TransLoadingIndicator.m in Sources */,
				ABB53BE719D48F9F006F9DBD /* main.m in Sources */,
				AB5FAAD219D4F00900793572 /* SWActionSheet.m in Sources */,
				3ECBAE401BA5C94C005DE4A2 /* SessionDetailsViewController.m in Sources */,
				AB5FAACF19D4F00900793572 /* ActionSheetDistancePicker.m in Sources */,
			);
			runOnlyForDeploymentPostprocessing = 0;
		};
		ABB53BF619D48F9F006F9DBD /* Sources */ = {
			isa = PBXSourcesBuildPhase;
			buildActionMask = 2147483647;
			files = (
				ABB53C0119D48F9F006F9DBD /* ReadWeightTests.m in Sources */,
			);
			runOnlyForDeploymentPostprocessing = 0;
		};
		ABE4F48019D750990048D853 /* Sources */ = {
			isa = PBXSourcesBuildPhase;
			buildActionMask = 2147483647;
			files = (
				3EEF1FCE1BAC37F10000F8D0 /* UserPreferences.m in Sources */,
				ABDA7D2B1A28BB1700CD61C7 /* AddDrinkContext.m in Sources */,
				AB3B1F841A217496004CD7C2 /* DrinkingSession.m in Sources */,
				AB85F45719D75FA700298746 /* JNKeychain.m in Sources */,
				AB85F45619D75F4600298746 /* Drink.m in Sources */,
				AB68BF561A1EE8B200CD87F3 /* StoredDataManager.m in Sources */,
				3E4E7B4D1B95CDFB008FC487 /* AppWatchConnectionManager.m in Sources */,
				3E37F9AF1B91295B00F2F446 /* BACTimelineItem.m in Sources */,
				ABE4F48D19D750990048D853 /* TodayViewController.m in Sources */,
			);
			runOnlyForDeploymentPostprocessing = 0;
		};
/* End PBXSourcesBuildPhase section */

/* Begin PBXTargetDependency section */
		3E37F9C21B912A2200F2F446 /* PBXTargetDependency */ = {
			isa = PBXTargetDependency;
			target = 3E37F9BE1B912A2200F2F446 /* NanoDrinks Extension */;
			targetProxy = 3E37F9C11B912A2200F2F446 /* PBXContainerItemProxy */;
		};
		3E37F9D11B912A2300F2F446 /* PBXTargetDependency */ = {
			isa = PBXTargetDependency;
			target = 3E37F9B21B912A2200F2F446 /* NanoDrinks */;
			targetProxy = 3E37F9D01B912A2300F2F446 /* PBXContainerItemProxy */;
		};
		ABB53BFC19D48F9F006F9DBD /* PBXTargetDependency */ = {
			isa = PBXTargetDependency;
			target = ABB53BE019D48F9F006F9DBD /* ReadWeight */;
			targetProxy = ABB53BFB19D48F9F006F9DBD /* PBXContainerItemProxy */;
		};
		ABE4F49119D750990048D853 /* PBXTargetDependency */ = {
			isa = PBXTargetDependency;
			target = ABE4F48319D750990048D853 /* Add Drinks */;
			targetProxy = ABE4F49019D750990048D853 /* PBXContainerItemProxy */;
		};
		ABE4F49419D750990048D853 /* PBXTargetDependency */ = {
			isa = PBXTargetDependency;
			target = ABE4F48319D750990048D853 /* Add Drinks */;
			targetProxy = ABE4F49319D750990048D853 /* PBXContainerItemProxy */;
		};
/* End PBXTargetDependency section */

/* Begin PBXVariantGroup section */
		3E37F9B51B912A2200F2F446 /* Interface.storyboard */ = {
			isa = PBXVariantGroup;
			children = (
				3E37F9B61B912A2200F2F446 /* Base */,
			);
			name = Interface.storyboard;
			sourceTree = "<group>";
		};
		3EBB1C2C1A5993610006EAC5 /* Main.storyboard */ = {
			isa = PBXVariantGroup;
			children = (
				3EBB1C2B1A5993610006EAC5 /* Base */,
			);
			name = Main.storyboard;
			sourceTree = "<group>";
		};
/* End PBXVariantGroup section */

/* Begin XCBuildConfiguration section */
		3E37F9D31B912A2300F2F446 /* Debug */ = {
			isa = XCBuildConfiguration;
			buildSettings = {
				ASSETCATALOG_COMPILER_APPICON_NAME = AppIcon;
				CODE_SIGN_ENTITLEMENTS = NanoDrinks/NanoDrinks.entitlements;
				CODE_SIGN_IDENTITY = "iPhone Developer";
				"CODE_SIGN_IDENTITY[sdk=iphoneos*]" = "iPhone Developer";
				"CODE_SIGN_IDENTITY[sdk=watchos*]" = "iPhone Developer";
				DEBUG_INFORMATION_FORMAT = dwarf;
				ENABLE_TESTABILITY = YES;
				GCC_NO_COMMON_BLOCKS = YES;
				IBSC_MODULE = NanoDrinks_Extension;
				INFOPLIST_FILE = NanoDrinks/Info.plist;
				PRODUCT_BUNDLE_IDENTIFIER = com.calvinchestnut.ReadWeight.watchkitapp;
				PRODUCT_NAME = "$(TARGET_NAME)";
				PROVISIONING_PROFILE = "";
				SDKROOT = watchos;
				SKIP_INSTALL = YES;
				TARGETED_DEVICE_FAMILY = 4;
				WATCHOS_DEPLOYMENT_TARGET = 2.0;
			};
			name = Debug;
		};
		3E37F9D41B912A2300F2F446 /* Release */ = {
			isa = XCBuildConfiguration;
			buildSettings = {
				ASSETCATALOG_COMPILER_APPICON_NAME = AppIcon;
				CODE_SIGN_ENTITLEMENTS = NanoDrinks/NanoDrinks.entitlements;
				CODE_SIGN_IDENTITY = "iPhone Developer";
				"CODE_SIGN_IDENTITY[sdk=iphoneos*]" = "iPhone Developer";
				"CODE_SIGN_IDENTITY[sdk=watchos*]" = "iPhone Developer";
				COPY_PHASE_STRIP = NO;
				DEBUG_INFORMATION_FORMAT = "dwarf-with-dsym";
				GCC_NO_COMMON_BLOCKS = YES;
				IBSC_MODULE = NanoDrinks_Extension;
				INFOPLIST_FILE = NanoDrinks/Info.plist;
				PRODUCT_BUNDLE_IDENTIFIER = com.calvinchestnut.ReadWeight.watchkitapp;
				PRODUCT_NAME = "$(TARGET_NAME)";
				PROVISIONING_PROFILE = "";
				SDKROOT = watchos;
				SKIP_INSTALL = YES;
				TARGETED_DEVICE_FAMILY = 4;
				WATCHOS_DEPLOYMENT_TARGET = 2.0;
			};
			name = Release;
		};
		3E37F9D51B912A2300F2F446 /* Debug */ = {
			isa = XCBuildConfiguration;
			buildSettings = {
				ASSETCATALOG_COMPILER_COMPLICATION_NAME = Complication;
				CODE_SIGN_ENTITLEMENTS = "NanoDrinks Extension/NanoDrinks Extension.entitlements";
				CODE_SIGN_IDENTITY = "iPhone Developer";
				"CODE_SIGN_IDENTITY[sdk=watchos*]" = "iPhone Developer";
				DEBUG_INFORMATION_FORMAT = dwarf;
				ENABLE_TESTABILITY = YES;
				GCC_NO_COMMON_BLOCKS = YES;
				INFOPLIST_FILE = "NanoDrinks Extension/Info.plist";
				LD_RUNPATH_SEARCH_PATHS = "$(inherited) @executable_path/Frameworks @executable_path/../../Frameworks";
				PRODUCT_BUNDLE_IDENTIFIER = com.calvinchestnut.ReadWeight.watchkitapp.watchkitextension;
				PRODUCT_NAME = "${TARGET_NAME}";
				PROVISIONING_PROFILE = "";
				SDKROOT = watchos;
				SKIP_INSTALL = YES;
				TARGETED_DEVICE_FAMILY = 4;
				WATCHOS_DEPLOYMENT_TARGET = 2.0;
			};
			name = Debug;
		};
		3E37F9D61B912A2300F2F446 /* Release */ = {
			isa = XCBuildConfiguration;
			buildSettings = {
				ASSETCATALOG_COMPILER_COMPLICATION_NAME = Complication;
				CODE_SIGN_ENTITLEMENTS = "NanoDrinks Extension/NanoDrinks Extension.entitlements";
				CODE_SIGN_IDENTITY = "iPhone Developer";
				"CODE_SIGN_IDENTITY[sdk=watchos*]" = "iPhone Developer";
				COPY_PHASE_STRIP = NO;
				DEBUG_INFORMATION_FORMAT = "dwarf-with-dsym";
				GCC_NO_COMMON_BLOCKS = YES;
				INFOPLIST_FILE = "NanoDrinks Extension/Info.plist";
				LD_RUNPATH_SEARCH_PATHS = "$(inherited) @executable_path/Frameworks @executable_path/../../Frameworks";
				PRODUCT_BUNDLE_IDENTIFIER = com.calvinchestnut.ReadWeight.watchkitapp.watchkitextension;
				PRODUCT_NAME = "${TARGET_NAME}";
				PROVISIONING_PROFILE = "";
				SDKROOT = watchos;
				SKIP_INSTALL = YES;
				TARGETED_DEVICE_FAMILY = 4;
				WATCHOS_DEPLOYMENT_TARGET = 2.0;
			};
			name = Release;
		};
		ABB53C0219D48F9F006F9DBD /* Debug */ = {
			isa = XCBuildConfiguration;
			buildSettings = {
				ALWAYS_SEARCH_USER_PATHS = NO;
				CLANG_CXX_LANGUAGE_STANDARD = "gnu++0x";
				CLANG_CXX_LIBRARY = "libc++";
				CLANG_ENABLE_MODULES = YES;
				CLANG_ENABLE_OBJC_ARC = YES;
				CLANG_WARN_BOOL_CONVERSION = YES;
				CLANG_WARN_CONSTANT_CONVERSION = YES;
				CLANG_WARN_DIRECT_OBJC_ISA_USAGE = YES_ERROR;
				CLANG_WARN_EMPTY_BODY = YES;
				CLANG_WARN_ENUM_CONVERSION = YES;
				CLANG_WARN_INT_CONVERSION = YES;
				CLANG_WARN_OBJC_ROOT_CLASS = YES_ERROR;
				CLANG_WARN_UNREACHABLE_CODE = YES;
				CLANG_WARN__DUPLICATE_METHOD_MATCH = YES;
				"CODE_SIGN_IDENTITY[sdk=iphoneos*]" = "iPhone Developer";
				COPY_PHASE_STRIP = NO;
				ENABLE_BITCODE = YES;
				ENABLE_STRICT_OBJC_MSGSEND = YES;
				GCC_C_LANGUAGE_STANDARD = gnu99;
				GCC_DYNAMIC_NO_PIC = NO;
				GCC_OPTIMIZATION_LEVEL = 0;
				GCC_PREPROCESSOR_DEFINITIONS = (
					"DEBUG=1",
					"$(inherited)",
				);
				GCC_SYMBOLS_PRIVATE_EXTERN = NO;
				GCC_WARN_64_TO_32_BIT_CONVERSION = YES;
				GCC_WARN_ABOUT_RETURN_TYPE = YES_ERROR;
				GCC_WARN_UNDECLARED_SELECTOR = YES;
				GCC_WARN_UNINITIALIZED_AUTOS = YES_AGGRESSIVE;
				GCC_WARN_UNUSED_FUNCTION = YES;
				GCC_WARN_UNUSED_VARIABLE = YES;
				IPHONEOS_DEPLOYMENT_TARGET = 9.0;
				MTL_ENABLE_DEBUG_INFO = YES;
				ONLY_ACTIVE_ARCH = YES;
				OTHER_CFLAGS = "-fgnu-inline-asm";
				SDKROOT = iphoneos;
			};
			name = Debug;
		};
		ABB53C0319D48F9F006F9DBD /* Release */ = {
			isa = XCBuildConfiguration;
			buildSettings = {
				ALWAYS_SEARCH_USER_PATHS = NO;
				CLANG_CXX_LANGUAGE_STANDARD = "gnu++0x";
				CLANG_CXX_LIBRARY = "libc++";
				CLANG_ENABLE_MODULES = YES;
				CLANG_ENABLE_OBJC_ARC = YES;
				CLANG_WARN_BOOL_CONVERSION = YES;
				CLANG_WARN_CONSTANT_CONVERSION = YES;
				CLANG_WARN_DIRECT_OBJC_ISA_USAGE = YES_ERROR;
				CLANG_WARN_EMPTY_BODY = YES;
				CLANG_WARN_ENUM_CONVERSION = YES;
				CLANG_WARN_INT_CONVERSION = YES;
				CLANG_WARN_OBJC_ROOT_CLASS = YES_ERROR;
				CLANG_WARN_UNREACHABLE_CODE = YES;
				CLANG_WARN__DUPLICATE_METHOD_MATCH = YES;
				"CODE_SIGN_IDENTITY[sdk=iphoneos*]" = "iPhone Developer";
				COPY_PHASE_STRIP = YES;
				ENABLE_BITCODE = YES;
				ENABLE_NS_ASSERTIONS = NO;
				ENABLE_STRICT_OBJC_MSGSEND = YES;
				GCC_C_LANGUAGE_STANDARD = gnu99;
				GCC_WARN_64_TO_32_BIT_CONVERSION = YES;
				GCC_WARN_ABOUT_RETURN_TYPE = YES_ERROR;
				GCC_WARN_UNDECLARED_SELECTOR = YES;
				GCC_WARN_UNINITIALIZED_AUTOS = YES_AGGRESSIVE;
				GCC_WARN_UNUSED_FUNCTION = YES;
				GCC_WARN_UNUSED_VARIABLE = YES;
				IPHONEOS_DEPLOYMENT_TARGET = 9.0;
				MTL_ENABLE_DEBUG_INFO = NO;
				OTHER_CFLAGS = "-fgnu-inline-asm";
				SDKROOT = iphoneos;
				VALIDATE_PRODUCT = YES;
			};
			name = Release;
		};
		ABB53C0519D48F9F006F9DBD /* Debug */ = {
			isa = XCBuildConfiguration;
			buildSettings = {
				ASSETCATALOG_COMPILER_APPICON_NAME = AppIcon;
				ASSETCATALOG_COMPILER_LAUNCHIMAGE_NAME = LaunchImage;
				CODE_SIGN_ENTITLEMENTS = ReadWeight/ReadWeight.entitlements;
				CODE_SIGN_IDENTITY = "iPhone Developer";
				"CODE_SIGN_IDENTITY[sdk=iphoneos*]" = "iPhone Developer";
				FRAMEWORK_SEARCH_PATHS = (
					"$(inherited)",
					"$(PROJECT_DIR)",
				);
				INFOPLIST_FILE = ReadWeight/Info.plist;
				LD_RUNPATH_SEARCH_PATHS = "$(inherited) @executable_path/Frameworks";
				PRODUCT_NAME = "$(TARGET_NAME)";
				PROVISIONING_PROFILE = "";
			};
			name = Debug;
		};
		ABB53C0619D48F9F006F9DBD /* Release */ = {
			isa = XCBuildConfiguration;
			buildSettings = {
				ASSETCATALOG_COMPILER_APPICON_NAME = AppIcon;
				ASSETCATALOG_COMPILER_LAUNCHIMAGE_NAME = LaunchImage;
				CODE_SIGN_ENTITLEMENTS = ReadWeight/ReadWeight.entitlements;
				CODE_SIGN_IDENTITY = "iPhone Developer";
				"CODE_SIGN_IDENTITY[sdk=iphoneos*]" = "iPhone Developer";
				FRAMEWORK_SEARCH_PATHS = (
					"$(inherited)",
					"$(PROJECT_DIR)",
				);
				INFOPLIST_FILE = ReadWeight/Info.plist;
				LD_RUNPATH_SEARCH_PATHS = "$(inherited) @executable_path/Frameworks";
				PRODUCT_NAME = "$(TARGET_NAME)";
				PROVISIONING_PROFILE = "";
			};
			name = Release;
		};
		ABB53C0819D48F9F006F9DBD /* Debug */ = {
			isa = XCBuildConfiguration;
			buildSettings = {
				BUNDLE_LOADER = "$(TEST_HOST)";
				FRAMEWORK_SEARCH_PATHS = (
					"$(SDKROOT)/Developer/Library/Frameworks",
					"$(inherited)",
				);
				GCC_PREPROCESSOR_DEFINITIONS = (
					"DEBUG=1",
					"$(inherited)",
				);
				INFOPLIST_FILE = ReadWeightTests/Info.plist;
				LD_RUNPATH_SEARCH_PATHS = "$(inherited) @executable_path/Frameworks @loader_path/Frameworks";
				PRODUCT_NAME = "$(TARGET_NAME)";
				TEST_HOST = "$(BUILT_PRODUCTS_DIR)/ReadWeight.app/ReadWeight";
			};
			name = Debug;
		};
		ABB53C0919D48F9F006F9DBD /* Release */ = {
			isa = XCBuildConfiguration;
			buildSettings = {
				BUNDLE_LOADER = "$(TEST_HOST)";
				FRAMEWORK_SEARCH_PATHS = (
					"$(SDKROOT)/Developer/Library/Frameworks",
					"$(inherited)",
				);
				INFOPLIST_FILE = ReadWeightTests/Info.plist;
				LD_RUNPATH_SEARCH_PATHS = "$(inherited) @executable_path/Frameworks @loader_path/Frameworks";
				PRODUCT_NAME = "$(TARGET_NAME)";
				TEST_HOST = "$(BUILT_PRODUCTS_DIR)/ReadWeight.app/ReadWeight";
			};
			name = Release;
		};
		ABE4F49619D750990048D853 /* Debug */ = {
			isa = XCBuildConfiguration;
			buildSettings = {
				CODE_SIGN_ENTITLEMENTS = "Add Drinks/Add Drinks.entitlements";
				CODE_SIGN_IDENTITY = "iPhone Developer";
				"CODE_SIGN_IDENTITY[sdk=iphoneos*]" = "iPhone Developer";
				GCC_PREPROCESSOR_DEFINITIONS = (
					"DEBUG=1",
					"$(inherited)",
				);
				INFOPLIST_FILE = "Add Drinks/Info.plist";
				LD_RUNPATH_SEARCH_PATHS = "$(inherited) @executable_path/Frameworks @executable_path/../../Frameworks";
				PRODUCT_NAME = "$(TARGET_NAME)";
				PROVISIONING_PROFILE = "";
				SKIP_INSTALL = YES;
			};
			name = Debug;
		};
		ABE4F49719D750990048D853 /* Release */ = {
			isa = XCBuildConfiguration;
			buildSettings = {
				CODE_SIGN_ENTITLEMENTS = "Add Drinks/Add Drinks.entitlements";
				CODE_SIGN_IDENTITY = "iPhone Developer";
				"CODE_SIGN_IDENTITY[sdk=iphoneos*]" = "iPhone Developer";
				INFOPLIST_FILE = "Add Drinks/Info.plist";
				LD_RUNPATH_SEARCH_PATHS = "$(inherited) @executable_path/Frameworks @executable_path/../../Frameworks";
				PRODUCT_NAME = "$(TARGET_NAME)";
				PROVISIONING_PROFILE = "";
				SKIP_INSTALL = YES;
			};
			name = Release;
		};
/* End XCBuildConfiguration section */

/* Begin XCConfigurationList section */
		3E37F9D71B912A2300F2F446 /* Build configuration list for PBXNativeTarget "NanoDrinks Extension" */ = {
			isa = XCConfigurationList;
			buildConfigurations = (
				3E37F9D51B912A2300F2F446 /* Debug */,
				3E37F9D61B912A2300F2F446 /* Release */,
			);
			defaultConfigurationIsVisible = 0;
			defaultConfigurationName = Release;
		};
		3E37F9D91B912A2300F2F446 /* Build configuration list for PBXNativeTarget "NanoDrinks" */ = {
			isa = XCConfigurationList;
			buildConfigurations = (
				3E37F9D31B912A2300F2F446 /* Debug */,
				3E37F9D41B912A2300F2F446 /* Release */,
			);
			defaultConfigurationIsVisible = 0;
			defaultConfigurationName = Release;
		};
		ABB53BDC19D48F9F006F9DBD /* Build configuration list for PBXProject "DrinkTracker" */ = {
			isa = XCConfigurationList;
			buildConfigurations = (
				ABB53C0219D48F9F006F9DBD /* Debug */,
				ABB53C0319D48F9F006F9DBD /* Release */,
			);
			defaultConfigurationIsVisible = 0;
			defaultConfigurationName = Release;
		};
		ABB53C0419D48F9F006F9DBD /* Build configuration list for PBXNativeTarget "ReadWeight" */ = {
			isa = XCConfigurationList;
			buildConfigurations = (
				ABB53C0519D48F9F006F9DBD /* Debug */,
				ABB53C0619D48F9F006F9DBD /* Release */,
			);
			defaultConfigurationIsVisible = 0;
			defaultConfigurationName = Release;
		};
		ABB53C0719D48F9F006F9DBD /* Build configuration list for PBXNativeTarget "ReadWeightTests" */ = {
			isa = XCConfigurationList;
			buildConfigurations = (
				ABB53C0819D48F9F006F9DBD /* Debug */,
				ABB53C0919D48F9F006F9DBD /* Release */,
			);
			defaultConfigurationIsVisible = 0;
			defaultConfigurationName = Release;
		};
		ABE4F49519D750990048D853 /* Build configuration list for PBXNativeTarget "Add Drinks" */ = {
			isa = XCConfigurationList;
			buildConfigurations = (
				ABE4F49619D750990048D853 /* Debug */,
				ABE4F49719D750990048D853 /* Release */,
			);
			defaultConfigurationIsVisible = 0;
			defaultConfigurationName = Release;
		};
/* End XCConfigurationList section */
	};
	rootObject = ABB53BD919D48F9F006F9DBD /* Project object */;
}
