// !$*UTF8*$!
{
	archiveVersion = 1;
	classes = {
	};
	objectVersion = 46;
	objects = {

/* Begin PBXBuildFile section */
		AB125D9019D8790A00D16008 /* ProfileViewController.m in Sources */ = {isa = PBXBuildFile; fileRef = AB125D8F19D8790A00D16008 /* ProfileViewController.m */; };
		AB3B1F831A217496004CD7C2 /* DrinkingSession.m in Sources */ = {isa = PBXBuildFile; fileRef = AB3B1F821A217496004CD7C2 /* DrinkingSession.m */; };
		AB3B1F841A217496004CD7C2 /* DrinkingSession.m in Sources */ = {isa = PBXBuildFile; fileRef = AB3B1F821A217496004CD7C2 /* DrinkingSession.m */; };
		AB3B1F851A218A1F004CD7C2 /* HealthKit.framework in Frameworks */ = {isa = PBXBuildFile; fileRef = ABB53C0B19D48FBE006F9DBD /* HealthKit.framework */; };
		AB56FA3819D5F2EC00E04C87 /* JNKeychain.m in Sources */ = {isa = PBXBuildFile; fileRef = AB56FA3719D5F2EC00E04C87 /* JNKeychain.m */; };
		AB56FA3A19D5F5C100E04C87 /* Main.storyboard in Resources */ = {isa = PBXBuildFile; fileRef = AB56FA3919D5F5C100E04C87 /* Main.storyboard */; };
		AB5FAABB19D4EC0900793572 /* ActionSheetStringPicker.m in Sources */ = {isa = PBXBuildFile; fileRef = AB5FAABA19D4EC0900793572 /* ActionSheetStringPicker.m */; };
		AB5FAABE19D4EFAB00793572 /* AbstractActionSheetPicker.m in Sources */ = {isa = PBXBuildFile; fileRef = AB5FAABD19D4EFAB00793572 /* AbstractActionSheetPicker.m */; };
		AB5FAACD19D4F00900793572 /* ActionSheetCustomPicker.m in Sources */ = {isa = PBXBuildFile; fileRef = AB5FAAC119D4F00900793572 /* ActionSheetCustomPicker.m */; };
		AB5FAACE19D4F00900793572 /* ActionSheetDatePicker.m in Sources */ = {isa = PBXBuildFile; fileRef = AB5FAAC419D4F00900793572 /* ActionSheetDatePicker.m */; };
		AB5FAACF19D4F00900793572 /* ActionSheetDistancePicker.m in Sources */ = {isa = PBXBuildFile; fileRef = AB5FAAC619D4F00900793572 /* ActionSheetDistancePicker.m */; };
		AB5FAAD019D4F00900793572 /* ActionSheetLocalePicker.m in Sources */ = {isa = PBXBuildFile; fileRef = AB5FAAC819D4F00900793572 /* ActionSheetLocalePicker.m */; };
		AB5FAAD119D4F00900793572 /* DistancePickerView.m in Sources */ = {isa = PBXBuildFile; fileRef = AB5FAACA19D4F00900793572 /* DistancePickerView.m */; };
		AB5FAAD219D4F00900793572 /* SWActionSheet.m in Sources */ = {isa = PBXBuildFile; fileRef = AB5FAACC19D4F00900793572 /* SWActionSheet.m */; };
		AB5FAAD519D4F17A00793572 /* TransLoadingIndicator.m in Sources */ = {isa = PBXBuildFile; fileRef = AB5FAAD419D4F17A00793572 /* TransLoadingIndicator.m */; };
		AB68BF401A1D925500CD87F3 /* HealthKitRequestViewController.m in Sources */ = {isa = PBXBuildFile; fileRef = AB68BF3F1A1D925500CD87F3 /* HealthKitRequestViewController.m */; };
		AB68BF431A1D927100CD87F3 /* RegistrationWorkflowNavigationController.m in Sources */ = {isa = PBXBuildFile; fileRef = AB68BF421A1D927100CD87F3 /* RegistrationWorkflowNavigationController.m */; };
		AB68BF4D1A1E261600CD87F3 /* HealthKitInfoViewController.m in Sources */ = {isa = PBXBuildFile; fileRef = AB68BF4C1A1E261600CD87F3 /* HealthKitInfoViewController.m */; };
		AB68BF541A1EDCF300CD87F3 /* StoredDataManager.m in Sources */ = {isa = PBXBuildFile; fileRef = AB68BF531A1EDCF300CD87F3 /* StoredDataManager.m */; };
		AB68BF561A1EE8B200CD87F3 /* StoredDataManager.m in Sources */ = {isa = PBXBuildFile; fileRef = AB68BF531A1EDCF300CD87F3 /* StoredDataManager.m */; };
		AB7DE67F19D5F79C00DEA7C1 /* MainTableViewController.m in Sources */ = {isa = PBXBuildFile; fileRef = AB7DE67E19D5F79C00DEA7C1 /* MainTableViewController.m */; };
		AB85F45619D75F4600298746 /* Drink.m in Sources */ = {isa = PBXBuildFile; fileRef = ABE4F47B19D610240048D853 /* Drink.m */; };
		AB85F45719D75FA700298746 /* JNKeychain.m in Sources */ = {isa = PBXBuildFile; fileRef = AB56FA3719D5F2EC00E04C87 /* JNKeychain.m */; };
		ABA72CE71A293C8900D0B2A9 /* UITestViewController.m in Sources */ = {isa = PBXBuildFile; fileRef = ABA72CE61A293C8900D0B2A9 /* UITestViewController.m */; };
		ABB53BE719D48F9F006F9DBD /* main.m in Sources */ = {isa = PBXBuildFile; fileRef = ABB53BE619D48F9F006F9DBD /* main.m */; };
		ABB53BEA19D48F9F006F9DBD /* AppDelegate.m in Sources */ = {isa = PBXBuildFile; fileRef = ABB53BE919D48F9F006F9DBD /* AppDelegate.m */; };
		ABB53BF219D48F9F006F9DBD /* Images.xcassets in Resources */ = {isa = PBXBuildFile; fileRef = ABB53BF119D48F9F006F9DBD /* Images.xcassets */; };
		ABB53C0119D48F9F006F9DBD /* ReadWeightTests.m in Sources */ = {isa = PBXBuildFile; fileRef = ABB53C0019D48F9F006F9DBD /* ReadWeightTests.m */; };
		ABB53C0C19D48FBE006F9DBD /* HealthKit.framework in Frameworks */ = {isa = PBXBuildFile; fileRef = ABB53C0B19D48FBE006F9DBD /* HealthKit.framework */; };
		ABD49FEF1A1F772700A3A059 /* HealthKitManager.m in Sources */ = {isa = PBXBuildFile; fileRef = ABD49FED1A1F772700A3A059 /* HealthKitManager.m */; };
		ABDA7D2A1A28BB1700CD61C7 /* AddDrinkContext.m in Sources */ = {isa = PBXBuildFile; fileRef = ABDA7D291A28BB1700CD61C7 /* AddDrinkContext.m */; };
		ABDA7D2B1A28BB1700CD61C7 /* AddDrinkContext.m in Sources */ = {isa = PBXBuildFile; fileRef = ABDA7D291A28BB1700CD61C7 /* AddDrinkContext.m */; };
		ABE0E4C119DA18A000B25923 /* BACLabelTableViewCell.m in Sources */ = {isa = PBXBuildFile; fileRef = ABE0E4C019DA18A000B25923 /* BACLabelTableViewCell.m */; };
		ABE0E4C419DA18B600B25923 /* AddDrinkTableViewCell.m in Sources */ = {isa = PBXBuildFile; fileRef = ABE0E4C319DA18B600B25923 /* AddDrinkTableViewCell.m */; };
		ABE262E419D5FC4D00710A3F /* AddDrinkViewController.m in Sources */ = {isa = PBXBuildFile; fileRef = ABE262E319D5FC4D00710A3F /* AddDrinkViewController.m */; };
		ABE4F47C19D610240048D853 /* Drink.m in Sources */ = {isa = PBXBuildFile; fileRef = ABE4F47B19D610240048D853 /* Drink.m */; };
		ABE4F47F19D640D10048D853 /* Crashlytics.framework in Frameworks */ = {isa = PBXBuildFile; fileRef = ABE4F47E19D640D10048D853 /* Crashlytics.framework */; };
		ABE4F48719D750990048D853 /* NotificationCenter.framework in Frameworks */ = {isa = PBXBuildFile; fileRef = ABE4F48619D750990048D853 /* NotificationCenter.framework */; };
		ABE4F48D19D750990048D853 /* TodayViewController.m in Sources */ = {isa = PBXBuildFile; fileRef = ABE4F48C19D750990048D853 /* TodayViewController.m */; };
		ABE4F48F19D750990048D853 /* MainInterface.storyboard in Resources */ = {isa = PBXBuildFile; fileRef = ABE4F48E19D750990048D853 /* MainInterface.storyboard */; };
		ABE4F49219D750990048D853 /* Add Drinks.appex in Embed App Extensions */ = {isa = PBXBuildFile; fileRef = ABE4F48419D750990048D853 /* Add Drinks.appex */; settings = {ATTRIBUTES = (RemoveHeadersOnCopy, ); }; };
		ABE4F49B19D758C00048D853 /* Images.xcassets in Resources */ = {isa = PBXBuildFile; fileRef = ABB53BF119D48F9F006F9DBD /* Images.xcassets */; };
/* End PBXBuildFile section */

/* Begin PBXContainerItemProxy section */
		ABB53BFB19D48F9F006F9DBD /* PBXContainerItemProxy */ = {
			isa = PBXContainerItemProxy;
			containerPortal = ABB53BD919D48F9F006F9DBD /* Project object */;
			proxyType = 1;
			remoteGlobalIDString = ABB53BE019D48F9F006F9DBD;
			remoteInfo = ReadWeight;
		};
		ABE4F49019D750990048D853 /* PBXContainerItemProxy */ = {
			isa = PBXContainerItemProxy;
			containerPortal = ABB53BD919D48F9F006F9DBD /* Project object */;
			proxyType = 1;
			remoteGlobalIDString = ABE4F48319D750990048D853;
			remoteInfo = "Add Drinks";
		};
		ABE4F49319D750990048D853 /* PBXContainerItemProxy */ = {
			isa = PBXContainerItemProxy;
			containerPortal = ABB53BD919D48F9F006F9DBD /* Project object */;
			proxyType = 1;
			remoteGlobalIDString = ABE4F48319D750990048D853;
			remoteInfo = "Add Drinks";
		};
/* End PBXContainerItemProxy section */

/* Begin PBXCopyFilesBuildPhase section */
		ABE4F49819D750990048D853 /* Embed App Extensions */ = {
			isa = PBXCopyFilesBuildPhase;
			buildActionMask = 2147483647;
			dstPath = "";
			dstSubfolderSpec = 13;
			files = (
				ABE4F49219D750990048D853 /* Add Drinks.appex in Embed App Extensions */,
			);
			name = "Embed App Extensions";
			runOnlyForDeploymentPostprocessing = 0;
		};
/* End PBXCopyFilesBuildPhase section */

/* Begin PBXFileReference section */
		AB125D8E19D8790A00D16008 /* ProfileViewController.h */ = {isa = PBXFileReference; fileEncoding = 4; lastKnownFileType = sourcecode.c.h; path = ProfileViewController.h; sourceTree = "<group>"; };
		AB125D8F19D8790A00D16008 /* ProfileViewController.m */ = {isa = PBXFileReference; fileEncoding = 4; lastKnownFileType = sourcecode.c.objc; path = ProfileViewController.m; sourceTree = "<group>"; };
		AB3B1F811A217496004CD7C2 /* DrinkingSession.h */ = {isa = PBXFileReference; fileEncoding = 4; lastKnownFileType = sourcecode.c.h; path = DrinkingSession.h; sourceTree = "<group>"; };
		AB3B1F821A217496004CD7C2 /* DrinkingSession.m */ = {isa = PBXFileReference; fileEncoding = 4; lastKnownFileType = sourcecode.c.objc; path = DrinkingSession.m; sourceTree = "<group>"; };
		AB56FA3619D5F2EC00E04C87 /* JNKeychain.h */ = {isa = PBXFileReference; fileEncoding = 4; lastKnownFileType = sourcecode.c.h; path = JNKeychain.h; sourceTree = "<group>"; };
		AB56FA3719D5F2EC00E04C87 /* JNKeychain.m */ = {isa = PBXFileReference; fileEncoding = 4; lastKnownFileType = sourcecode.c.objc; path = JNKeychain.m; sourceTree = "<group>"; };
		AB56FA3919D5F5C100E04C87 /* Main.storyboard */ = {isa = PBXFileReference; fileEncoding = 4; lastKnownFileType = file.storyboard; path = Main.storyboard; sourceTree = "<group>"; };
		AB5FAAB919D4EC0900793572 /* ActionSheetStringPicker.h */ = {isa = PBXFileReference; fileEncoding = 4; lastKnownFileType = sourcecode.c.h; path = ActionSheetStringPicker.h; sourceTree = "<group>"; };
		AB5FAABA19D4EC0900793572 /* ActionSheetStringPicker.m */ = {isa = PBXFileReference; fileEncoding = 4; lastKnownFileType = sourcecode.c.objc; path = ActionSheetStringPicker.m; sourceTree = "<group>"; };
		AB5FAABC19D4EFAB00793572 /* AbstractActionSheetPicker.h */ = {isa = PBXFileReference; fileEncoding = 4; lastKnownFileType = sourcecode.c.h; path = AbstractActionSheetPicker.h; sourceTree = "<group>"; };
		AB5FAABD19D4EFAB00793572 /* AbstractActionSheetPicker.m */ = {isa = PBXFileReference; fileEncoding = 4; lastKnownFileType = sourcecode.c.objc; path = AbstractActionSheetPicker.m; sourceTree = "<group>"; };
		AB5FAAC019D4F00900793572 /* ActionSheetCustomPicker.h */ = {isa = PBXFileReference; fileEncoding = 4; lastKnownFileType = sourcecode.c.h; path = ActionSheetCustomPicker.h; sourceTree = "<group>"; };
		AB5FAAC119D4F00900793572 /* ActionSheetCustomPicker.m */ = {isa = PBXFileReference; fileEncoding = 4; lastKnownFileType = sourcecode.c.objc; path = ActionSheetCustomPicker.m; sourceTree = "<group>"; };
		AB5FAAC219D4F00900793572 /* ActionSheetCustomPickerDelegate.h */ = {isa = PBXFileReference; fileEncoding = 4; lastKnownFileType = sourcecode.c.h; path = ActionSheetCustomPickerDelegate.h; sourceTree = "<group>"; };
		AB5FAAC319D4F00900793572 /* ActionSheetDatePicker.h */ = {isa = PBXFileReference; fileEncoding = 4; lastKnownFileType = sourcecode.c.h; path = ActionSheetDatePicker.h; sourceTree = "<group>"; };
		AB5FAAC419D4F00900793572 /* ActionSheetDatePicker.m */ = {isa = PBXFileReference; fileEncoding = 4; lastKnownFileType = sourcecode.c.objc; path = ActionSheetDatePicker.m; sourceTree = "<group>"; };
		AB5FAAC519D4F00900793572 /* ActionSheetDistancePicker.h */ = {isa = PBXFileReference; fileEncoding = 4; lastKnownFileType = sourcecode.c.h; path = ActionSheetDistancePicker.h; sourceTree = "<group>"; };
		AB5FAAC619D4F00900793572 /* ActionSheetDistancePicker.m */ = {isa = PBXFileReference; fileEncoding = 4; lastKnownFileType = sourcecode.c.objc; path = ActionSheetDistancePicker.m; sourceTree = "<group>"; };
		AB5FAAC719D4F00900793572 /* ActionSheetLocalePicker.h */ = {isa = PBXFileReference; fileEncoding = 4; lastKnownFileType = sourcecode.c.h; path = ActionSheetLocalePicker.h; sourceTree = "<group>"; };
		AB5FAAC819D4F00900793572 /* ActionSheetLocalePicker.m */ = {isa = PBXFileReference; fileEncoding = 4; lastKnownFileType = sourcecode.c.objc; path = ActionSheetLocalePicker.m; sourceTree = "<group>"; };
		AB5FAAC919D4F00900793572 /* DistancePickerView.h */ = {isa = PBXFileReference; fileEncoding = 4; lastKnownFileType = sourcecode.c.h; path = DistancePickerView.h; sourceTree = "<group>"; };
		AB5FAACA19D4F00900793572 /* DistancePickerView.m */ = {isa = PBXFileReference; fileEncoding = 4; lastKnownFileType = sourcecode.c.objc; path = DistancePickerView.m; sourceTree = "<group>"; };
		AB5FAACB19D4F00900793572 /* SWActionSheet.h */ = {isa = PBXFileReference; fileEncoding = 4; lastKnownFileType = sourcecode.c.h; path = SWActionSheet.h; sourceTree = "<group>"; };
		AB5FAACC19D4F00900793572 /* SWActionSheet.m */ = {isa = PBXFileReference; fileEncoding = 4; lastKnownFileType = sourcecode.c.objc; path = SWActionSheet.m; sourceTree = "<group>"; };
		AB5FAAD319D4F17A00793572 /* TransLoadingIndicator.h */ = {isa = PBXFileReference; fileEncoding = 4; lastKnownFileType = sourcecode.c.h; path = TransLoadingIndicator.h; sourceTree = "<group>"; };
		AB5FAAD419D4F17A00793572 /* TransLoadingIndicator.m */ = {isa = PBXFileReference; fileEncoding = 4; lastKnownFileType = sourcecode.c.objc; path = TransLoadingIndicator.m; sourceTree = "<group>"; };
		AB68BF3E1A1D925500CD87F3 /* HealthKitRequestViewController.h */ = {isa = PBXFileReference; fileEncoding = 4; lastKnownFileType = sourcecode.c.h; path = HealthKitRequestViewController.h; sourceTree = "<group>"; };
		AB68BF3F1A1D925500CD87F3 /* HealthKitRequestViewController.m */ = {isa = PBXFileReference; fileEncoding = 4; lastKnownFileType = sourcecode.c.objc; path = HealthKitRequestViewController.m; sourceTree = "<group>"; };
		AB68BF411A1D927100CD87F3 /* RegistrationWorkflowNavigationController.h */ = {isa = PBXFileReference; fileEncoding = 4; lastKnownFileType = sourcecode.c.h; path = RegistrationWorkflowNavigationController.h; sourceTree = "<group>"; };
		AB68BF421A1D927100CD87F3 /* RegistrationWorkflowNavigationController.m */ = {isa = PBXFileReference; fileEncoding = 4; lastKnownFileType = sourcecode.c.objc; path = RegistrationWorkflowNavigationController.m; sourceTree = "<group>"; };
		AB68BF4B1A1E261600CD87F3 /* HealthKitInfoViewController.h */ = {isa = PBXFileReference; fileEncoding = 4; lastKnownFileType = sourcecode.c.h; path = HealthKitInfoViewController.h; sourceTree = "<group>"; };
		AB68BF4C1A1E261600CD87F3 /* HealthKitInfoViewController.m */ = {isa = PBXFileReference; fileEncoding = 4; lastKnownFileType = sourcecode.c.objc; path = HealthKitInfoViewController.m; sourceTree = "<group>"; };
		AB68BF531A1EDCF300CD87F3 /* StoredDataManager.m */ = {isa = PBXFileReference; fileEncoding = 4; lastKnownFileType = sourcecode.c.objc; path = StoredDataManager.m; sourceTree = "<group>"; };
		AB7DE67D19D5F79C00DEA7C1 /* MainTableViewController.h */ = {isa = PBXFileReference; fileEncoding = 4; lastKnownFileType = sourcecode.c.h; path = MainTableViewController.h; sourceTree = "<group>"; };
		AB7DE67E19D5F79C00DEA7C1 /* MainTableViewController.m */ = {isa = PBXFileReference; fileEncoding = 4; lastKnownFileType = sourcecode.c.objc; path = MainTableViewController.m; sourceTree = "<group>"; };
		ABA72CE51A293C8900D0B2A9 /* UITestViewController.h */ = {isa = PBXFileReference; fileEncoding = 4; lastKnownFileType = sourcecode.c.h; path = UITestViewController.h; sourceTree = "<group>"; };
		ABA72CE61A293C8900D0B2A9 /* UITestViewController.m */ = {isa = PBXFileReference; fileEncoding = 4; lastKnownFileType = sourcecode.c.objc; path = UITestViewController.m; sourceTree = "<group>"; };
		ABB53BE119D48F9F006F9DBD /* ReadWeight.app */ = {isa = PBXFileReference; explicitFileType = wrapper.application; includeInIndex = 0; path = ReadWeight.app; sourceTree = BUILT_PRODUCTS_DIR; };
		ABB53BE519D48F9F006F9DBD /* Info.plist */ = {isa = PBXFileReference; lastKnownFileType = text.plist.xml; path = Info.plist; sourceTree = "<group>"; };
		ABB53BE619D48F9F006F9DBD /* main.m */ = {isa = PBXFileReference; lastKnownFileType = sourcecode.c.objc; path = main.m; sourceTree = "<group>"; };
		ABB53BE819D48F9F006F9DBD /* AppDelegate.h */ = {isa = PBXFileReference; lastKnownFileType = sourcecode.c.h; path = AppDelegate.h; sourceTree = "<group>"; };
		ABB53BE919D48F9F006F9DBD /* AppDelegate.m */ = {isa = PBXFileReference; lastKnownFileType = sourcecode.c.objc; path = AppDelegate.m; sourceTree = "<group>"; };
		ABB53BF119D48F9F006F9DBD /* Images.xcassets */ = {isa = PBXFileReference; lastKnownFileType = folder.assetcatalog; path = Images.xcassets; sourceTree = "<group>"; };
		ABB53BFA19D48F9F006F9DBD /* ReadWeightTests.xctest */ = {isa = PBXFileReference; explicitFileType = wrapper.cfbundle; includeInIndex = 0; path = ReadWeightTests.xctest; sourceTree = BUILT_PRODUCTS_DIR; };
		ABB53BFF19D48F9F006F9DBD /* Info.plist */ = {isa = PBXFileReference; lastKnownFileType = text.plist.xml; path = Info.plist; sourceTree = "<group>"; };
		ABB53C0019D48F9F006F9DBD /* ReadWeightTests.m */ = {isa = PBXFileReference; lastKnownFileType = sourcecode.c.objc; path = ReadWeightTests.m; sourceTree = "<group>"; };
		ABB53C0A19D48FBE006F9DBD /* ReadWeight.entitlements */ = {isa = PBXFileReference; lastKnownFileType = text.xml; path = ReadWeight.entitlements; sourceTree = "<group>"; };
		ABB53C0B19D48FBE006F9DBD /* HealthKit.framework */ = {isa = PBXFileReference; lastKnownFileType = wrapper.framework; name = HealthKit.framework; path = System/Library/Frameworks/HealthKit.framework; sourceTree = SDKROOT; };
		ABD49FED1A1F772700A3A059 /* HealthKitManager.m */ = {isa = PBXFileReference; fileEncoding = 4; lastKnownFileType = sourcecode.c.objc; path = HealthKitManager.m; sourceTree = "<group>"; };
		ABD49FEE1A1F772700A3A059 /* HealthKitManager.h */ = {isa = PBXFileReference; fileEncoding = 4; lastKnownFileType = sourcecode.c.h; path = HealthKitManager.h; sourceTree = "<group>"; };
		ABD49FF01A20310F00A3A059 /* StoredDataManager.h */ = {isa = PBXFileReference; fileEncoding = 4; lastKnownFileType = sourcecode.c.h; path = StoredDataManager.h; sourceTree = "<group>"; };
		ABDA7D281A28BB1700CD61C7 /* AddDrinkContext.h */ = {isa = PBXFileReference; fileEncoding = 4; lastKnownFileType = sourcecode.c.h; path = AddDrinkContext.h; sourceTree = "<group>"; };
		ABDA7D291A28BB1700CD61C7 /* AddDrinkContext.m */ = {isa = PBXFileReference; fileEncoding = 4; lastKnownFileType = sourcecode.c.objc; path = AddDrinkContext.m; sourceTree = "<group>"; };
		ABE0E4BF19DA18A000B25923 /* BACLabelTableViewCell.h */ = {isa = PBXFileReference; fileEncoding = 4; lastKnownFileType = sourcecode.c.h; path = BACLabelTableViewCell.h; sourceTree = "<group>"; };
		ABE0E4C019DA18A000B25923 /* BACLabelTableViewCell.m */ = {isa = PBXFileReference; fileEncoding = 4; lastKnownFileType = sourcecode.c.objc; path = BACLabelTableViewCell.m; sourceTree = "<group>"; };
		ABE0E4C219DA18B600B25923 /* AddDrinkTableViewCell.h */ = {isa = PBXFileReference; fileEncoding = 4; lastKnownFileType = sourcecode.c.h; path = AddDrinkTableViewCell.h; sourceTree = "<group>"; };
		ABE0E4C319DA18B600B25923 /* AddDrinkTableViewCell.m */ = {isa = PBXFileReference; fileEncoding = 4; lastKnownFileType = sourcecode.c.objc; path = AddDrinkTableViewCell.m; sourceTree = "<group>"; };
		ABE262E219D5FC4D00710A3F /* AddDrinkViewController.h */ = {isa = PBXFileReference; fileEncoding = 4; lastKnownFileType = sourcecode.c.h; path = AddDrinkViewController.h; sourceTree = "<group>"; };
		ABE262E319D5FC4D00710A3F /* AddDrinkViewController.m */ = {isa = PBXFileReference; fileEncoding = 4; lastKnownFileType = sourcecode.c.objc; path = AddDrinkViewController.m; sourceTree = "<group>"; };
		ABE4F47A19D610240048D853 /* Drink.h */ = {isa = PBXFileReference; fileEncoding = 4; lastKnownFileType = sourcecode.c.h; path = Drink.h; sourceTree = "<group>"; };
		ABE4F47B19D610240048D853 /* Drink.m */ = {isa = PBXFileReference; fileEncoding = 4; lastKnownFileType = sourcecode.c.objc; path = Drink.m; sourceTree = "<group>"; };
		ABE4F47E19D640D10048D853 /* Crashlytics.framework */ = {isa = PBXFileReference; lastKnownFileType = wrapper.framework; path = Crashlytics.framework; sourceTree = "<group>"; };
		ABE4F48419D750990048D853 /* Add Drinks.appex */ = {isa = PBXFileReference; explicitFileType = "wrapper.app-extension"; includeInIndex = 0; path = "Add Drinks.appex"; sourceTree = BUILT_PRODUCTS_DIR; };
		ABE4F48619D750990048D853 /* NotificationCenter.framework */ = {isa = PBXFileReference; lastKnownFileType = wrapper.framework; name = NotificationCenter.framework; path = System/Library/Frameworks/NotificationCenter.framework; sourceTree = SDKROOT; };
		ABE4F48A19D750990048D853 /* Info.plist */ = {isa = PBXFileReference; lastKnownFileType = text.plist.xml; path = Info.plist; sourceTree = "<group>"; };
		ABE4F48B19D750990048D853 /* TodayViewController.h */ = {isa = PBXFileReference; lastKnownFileType = sourcecode.c.h; path = TodayViewController.h; sourceTree = "<group>"; };
		ABE4F48C19D750990048D853 /* TodayViewController.m */ = {isa = PBXFileReference; lastKnownFileType = sourcecode.c.objc; path = TodayViewController.m; sourceTree = "<group>"; };
		ABE4F48E19D750990048D853 /* MainInterface.storyboard */ = {isa = PBXFileReference; lastKnownFileType = file.storyboard; path = MainInterface.storyboard; sourceTree = "<group>"; };
		ABE4F49919D750CE0048D853 /* Add Drinks.entitlements */ = {isa = PBXFileReference; lastKnownFileType = text.xml; path = "Add Drinks.entitlements"; sourceTree = "<group>"; };
/* End PBXFileReference section */

/* Begin PBXFrameworksBuildPhase section */
		ABB53BDE19D48F9F006F9DBD /* Frameworks */ = {
			isa = PBXFrameworksBuildPhase;
			buildActionMask = 2147483647;
			files = (
				ABE4F47F19D640D10048D853 /* Crashlytics.framework in Frameworks */,
				ABB53C0C19D48FBE006F9DBD /* HealthKit.framework in Frameworks */,
			);
			runOnlyForDeploymentPostprocessing = 0;
		};
		ABB53BF719D48F9F006F9DBD /* Frameworks */ = {
			isa = PBXFrameworksBuildPhase;
			buildActionMask = 2147483647;
			files = (
			);
			runOnlyForDeploymentPostprocessing = 0;
		};
		ABE4F48119D750990048D853 /* Frameworks */ = {
			isa = PBXFrameworksBuildPhase;
			buildActionMask = 2147483647;
			files = (
				ABE4F48719D750990048D853 /* NotificationCenter.framework in Frameworks */,
				AB3B1F851A218A1F004CD7C2 /* HealthKit.framework in Frameworks */,
			);
			runOnlyForDeploymentPostprocessing = 0;
		};
/* End PBXFrameworksBuildPhase section */

/* Begin PBXGroup section */
		AB3B1F7E1A213451004CD7C2 /* Data Managers */ = {
			isa = PBXGroup;
			children = (
				AB56FA3619D5F2EC00E04C87 /* JNKeychain.h */,
				AB56FA3719D5F2EC00E04C87 /* JNKeychain.m */,
				ABD49FEE1A1F772700A3A059 /* HealthKitManager.h */,
				ABD49FED1A1F772700A3A059 /* HealthKitManager.m */,
				ABD49FF01A20310F00A3A059 /* StoredDataManager.h */,
				AB68BF531A1EDCF300CD87F3 /* StoredDataManager.m */,
			);
			name = "Data Managers";
			sourceTree = "<group>";
		};
		AB3B1F7F1A213953004CD7C2 /* App Delegate */ = {
			isa = PBXGroup;
			children = (
				ABB53BE819D48F9F006F9DBD /* AppDelegate.h */,
				ABB53BE919D48F9F006F9DBD /* AppDelegate.m */,
			);
			name = "App Delegate";
			sourceTree = "<group>";
		};
		AB3B1F801A21396E004CD7C2 /* Widgets */ = {
			isa = PBXGroup;
			children = (
				ABBB43FC1A28B874004D197C /* TableViewCells */,
				AB5FAAD319D4F17A00793572 /* TransLoadingIndicator.h */,
				AB5FAAD419D4F17A00793572 /* TransLoadingIndicator.m */,
			);
			name = Widgets;
			sourceTree = "<group>";
		};
		AB5FAABF19D4EFB100793572 /* Action Picker */ = {
			isa = PBXGroup;
			children = (
				AB5FAAC019D4F00900793572 /* ActionSheetCustomPicker.h */,
				AB5FAAC119D4F00900793572 /* ActionSheetCustomPicker.m */,
				AB5FAAC219D4F00900793572 /* ActionSheetCustomPickerDelegate.h */,
				AB5FAAC319D4F00900793572 /* ActionSheetDatePicker.h */,
				AB5FAAC419D4F00900793572 /* ActionSheetDatePicker.m */,
				AB5FAAC519D4F00900793572 /* ActionSheetDistancePicker.h */,
				AB5FAAC619D4F00900793572 /* ActionSheetDistancePicker.m */,
				AB5FAAC719D4F00900793572 /* ActionSheetLocalePicker.h */,
				AB5FAAC819D4F00900793572 /* ActionSheetLocalePicker.m */,
				AB5FAAC919D4F00900793572 /* DistancePickerView.h */,
				AB5FAACA19D4F00900793572 /* DistancePickerView.m */,
				AB5FAACB19D4F00900793572 /* SWActionSheet.h */,
				AB5FAACC19D4F00900793572 /* SWActionSheet.m */,
				AB5FAAB919D4EC0900793572 /* ActionSheetStringPicker.h */,
				AB5FAABA19D4EC0900793572 /* ActionSheetStringPicker.m */,
				AB5FAABC19D4EFAB00793572 /* AbstractActionSheetPicker.h */,
				AB5FAABD19D4EFAB00793572 /* AbstractActionSheetPicker.m */,
			);
			name = "Action Picker";
			sourceTree = "<group>";
		};
		AB68BF441A1D927700CD87F3 /* Registration Workflow */ = {
			isa = PBXGroup;
			children = (
				AB68BF4E1A1EB99F00CD87F3 /* HealthKit */,
				AB68BF411A1D927100CD87F3 /* RegistrationWorkflowNavigationController.h */,
				AB68BF421A1D927100CD87F3 /* RegistrationWorkflowNavigationController.m */,
			);
			name = "Registration Workflow";
			sourceTree = "<group>";
		};
		AB68BF4E1A1EB99F00CD87F3 /* HealthKit */ = {
			isa = PBXGroup;
			children = (
				AB68BF3E1A1D925500CD87F3 /* HealthKitRequestViewController.h */,
				AB68BF3F1A1D925500CD87F3 /* HealthKitRequestViewController.m */,
				AB68BF4B1A1E261600CD87F3 /* HealthKitInfoViewController.h */,
				AB68BF4C1A1E261600CD87F3 /* HealthKitInfoViewController.m */,
			);
			name = HealthKit;
			sourceTree = "<group>";
		};
		ABB53BD819D48F9F006F9DBD = {
			isa = PBXGroup;
			children = (
				ABE4F48519D750990048D853 /* Frameworks */,
				ABB53BE319D48F9F006F9DBD /* ReadWeight */,
				ABB53BFD19D48F9F006F9DBD /* ReadWeightTests */,
				ABE4F48819D750990048D853 /* Add Drinks */,
				ABB53BE219D48F9F006F9DBD /* Products */,
			);
			sourceTree = "<group>";
		};
		ABB53BE219D48F9F006F9DBD /* Products */ = {
			isa = PBXGroup;
			children = (
				ABB53BE119D48F9F006F9DBD /* ReadWeight.app */,
				ABB53BFA19D48F9F006F9DBD /* ReadWeightTests.xctest */,
				ABE4F48419D750990048D853 /* Add Drinks.appex */,
			);
			name = Products;
			sourceTree = "<group>";
		};
		ABB53BE319D48F9F006F9DBD /* ReadWeight */ = {
			isa = PBXGroup;
			children = (
				ABB53C0A19D48FBE006F9DBD /* ReadWeight.entitlements */,
				AB3B1F7F1A213953004CD7C2 /* App Delegate */,
				AB3B1F7E1A213451004CD7C2 /* Data Managers */,
				AB68BF441A1D927700CD87F3 /* Registration Workflow */,
				ABBB43FB1A28B85C004D197C /* iPhone View Controllers */,
				ABBB43FA1A28B83D004D197C /* DrinkingSession Data */,
				AB3B1F801A21396E004CD7C2 /* Widgets */,
				AB5FAABF19D4EFB100793572 /* Action Picker */,
				AB56FA3919D5F5C100E04C87 /* Main.storyboard */,
				ABA72CE51A293C8900D0B2A9 /* UITestViewController.h */,
				ABA72CE61A293C8900D0B2A9 /* UITestViewController.m */,
				ABB53BF119D48F9F006F9DBD /* Images.xcassets */,
				ABB53BE419D48F9F006F9DBD /* Supporting Files */,
			);
			path = ReadWeight;
			sourceTree = "<group>";
		};
		ABB53BE419D48F9F006F9DBD /* Supporting Files */ = {
			isa = PBXGroup;
			children = (
				ABB53BE519D48F9F006F9DBD /* Info.plist */,
				ABB53BE619D48F9F006F9DBD /* main.m */,
			);
			name = "Supporting Files";
			sourceTree = "<group>";
		};
		ABB53BFD19D48F9F006F9DBD /* ReadWeightTests */ = {
			isa = PBXGroup;
			children = (
				ABB53C0019D48F9F006F9DBD /* ReadWeightTests.m */,
				ABB53BFE19D48F9F006F9DBD /* Supporting Files */,
			);
			path = ReadWeightTests;
			sourceTree = "<group>";
		};
		ABB53BFE19D48F9F006F9DBD /* Supporting Files */ = {
			isa = PBXGroup;
			children = (
				ABB53BFF19D48F9F006F9DBD /* Info.plist */,
			);
			name = "Supporting Files";
			sourceTree = "<group>";
		};
		ABBB43FA1A28B83D004D197C /* DrinkingSession Data */ = {
			isa = PBXGroup;
			children = (
				ABE4F47A19D610240048D853 /* Drink.h */,
				ABE4F47B19D610240048D853 /* Drink.m */,
				AB3B1F811A217496004CD7C2 /* DrinkingSession.h */,
				AB3B1F821A217496004CD7C2 /* DrinkingSession.m */,
				ABDA7D281A28BB1700CD61C7 /* AddDrinkContext.h */,
				ABDA7D291A28BB1700CD61C7 /* AddDrinkContext.m */,
			);
			name = "DrinkingSession Data";
			sourceTree = "<group>";
		};
		ABBB43FB1A28B85C004D197C /* iPhone View Controllers */ = {
			isa = PBXGroup;
			children = (
				AB7DE67D19D5F79C00DEA7C1 /* MainTableViewController.h */,
				AB7DE67E19D5F79C00DEA7C1 /* MainTableViewController.m */,
				AB125D8E19D8790A00D16008 /* ProfileViewController.h */,
				AB125D8F19D8790A00D16008 /* ProfileViewController.m */,
				ABE262E219D5FC4D00710A3F /* AddDrinkViewController.h */,
				ABE262E319D5FC4D00710A3F /* AddDrinkViewController.m */,
			);
			name = "iPhone View Controllers";
			sourceTree = "<group>";
		};
		ABBB43FC1A28B874004D197C /* TableViewCells */ = {
			isa = PBXGroup;
			children = (
				ABE0E4BF19DA18A000B25923 /* BACLabelTableViewCell.h */,
				ABE0E4C019DA18A000B25923 /* BACLabelTableViewCell.m */,
				ABE0E4C219DA18B600B25923 /* AddDrinkTableViewCell.h */,
				ABE0E4C319DA18B600B25923 /* AddDrinkTableViewCell.m */,
			);
			name = TableViewCells;
			sourceTree = "<group>";
		};
		ABE4F48519D750990048D853 /* Frameworks */ = {
			isa = PBXGroup;
			children = (
				ABE4F47E19D640D10048D853 /* Crashlytics.framework */,
				ABB53C0B19D48FBE006F9DBD /* HealthKit.framework */,
				ABE4F48619D750990048D853 /* NotificationCenter.framework */,
			);
			name = Frameworks;
			sourceTree = "<group>";
		};
		ABE4F48819D750990048D853 /* Add Drinks */ = {
			isa = PBXGroup;
			children = (
				ABE4F49919D750CE0048D853 /* Add Drinks.entitlements */,
				ABE4F48B19D750990048D853 /* TodayViewController.h */,
				ABE4F48C19D750990048D853 /* TodayViewController.m */,
				ABE4F48E19D750990048D853 /* MainInterface.storyboard */,
				ABE4F48919D750990048D853 /* Supporting Files */,
			);
			path = "Add Drinks";
			sourceTree = "<group>";
		};
		ABE4F48919D750990048D853 /* Supporting Files */ = {
			isa = PBXGroup;
			children = (
				ABE4F48A19D750990048D853 /* Info.plist */,
			);
			name = "Supporting Files";
			sourceTree = "<group>";
		};
/* End PBXGroup section */

/* Begin PBXNativeTarget section */
		ABB53BE019D48F9F006F9DBD /* ReadWeight */ = {
			isa = PBXNativeTarget;
			buildConfigurationList = ABB53C0419D48F9F006F9DBD /* Build configuration list for PBXNativeTarget "ReadWeight" */;
			buildPhases = (
				ABB53BDD19D48F9F006F9DBD /* Sources */,
				ABB53BDE19D48F9F006F9DBD /* Frameworks */,
				ABB53BDF19D48F9F006F9DBD /* Resources */,
				ABE4F47D19D640AF0048D853 /* ShellScript */,
				ABE4F49819D750990048D853 /* Embed App Extensions */,
			);
			buildRules = (
			);
			dependencies = (
				ABE4F49119D750990048D853 /* PBXTargetDependency */,
				ABE4F49419D750990048D853 /* PBXTargetDependency */,
			);
			name = ReadWeight;
			productName = ReadWeight;
			productReference = ABB53BE119D48F9F006F9DBD /* ReadWeight.app */;
			productType = "com.apple.product-type.application";
		};
		ABB53BF919D48F9F006F9DBD /* ReadWeightTests */ = {
			isa = PBXNativeTarget;
			buildConfigurationList = ABB53C0719D48F9F006F9DBD /* Build configuration list for PBXNativeTarget "ReadWeightTests" */;
			buildPhases = (
				ABB53BF619D48F9F006F9DBD /* Sources */,
				ABB53BF719D48F9F006F9DBD /* Frameworks */,
				ABB53BF819D48F9F006F9DBD /* Resources */,
			);
			buildRules = (
			);
			dependencies = (
				ABB53BFC19D48F9F006F9DBD /* PBXTargetDependency */,
			);
			name = ReadWeightTests;
			productName = ReadWeightTests;
			productReference = ABB53BFA19D48F9F006F9DBD /* ReadWeightTests.xctest */;
			productType = "com.apple.product-type.bundle.unit-test";
		};
		ABE4F48319D750990048D853 /* Add Drinks */ = {
			isa = PBXNativeTarget;
			buildConfigurationList = ABE4F49519D750990048D853 /* Build configuration list for PBXNativeTarget "Add Drinks" */;
			buildPhases = (
				ABE4F48019D750990048D853 /* Sources */,
				ABE4F48119D750990048D853 /* Frameworks */,
				ABE4F48219D750990048D853 /* Resources */,
			);
			buildRules = (
			);
			dependencies = (
			);
			name = "Add Drinks";
			productName = "Add Drinks";
			productReference = ABE4F48419D750990048D853 /* Add Drinks.appex */;
			productType = "com.apple.product-type.app-extension";
		};
/* End PBXNativeTarget section */

/* Begin PBXProject section */
		ABB53BD919D48F9F006F9DBD /* Project object */ = {
			isa = PBXProject;
			attributes = {
				LastUpgradeCheck = 0600;
				ORGANIZATIONNAME = "Calvin Chestnut";
				TargetAttributes = {
					ABB53BE019D48F9F006F9DBD = {
						CreatedOnToolsVersion = 6.0;
						DevelopmentTeam = VDWJ8UMBJ6;
						SystemCapabilities = {
							com.apple.ApplicationGroups.iOS = {
								enabled = 1;
							};
							com.apple.BackgroundModes = {
								enabled = 1;
							};
							com.apple.HealthKit = {
								enabled = 1;
							};
							com.apple.Keychain = {
								enabled = 1;
							};
						};
					};
					ABB53BF919D48F9F006F9DBD = {
						CreatedOnToolsVersion = 6.0;
						TestTargetID = ABB53BE019D48F9F006F9DBD;
					};
					ABE4F48319D750990048D853 = {
						CreatedOnToolsVersion = 6.0;
						DevelopmentTeam = VDWJ8UMBJ6;
						SystemCapabilities = {
							com.apple.ApplicationGroups.iOS = {
								enabled = 1;
							};
							com.apple.HealthKit = {
								enabled = 1;
							};
							com.apple.Keychain = {
								enabled = 1;
							};
						};
					};
				};
			};
			buildConfigurationList = ABB53BDC19D48F9F006F9DBD /* Build configuration list for PBXProject "DrinkTracker" */;
			compatibilityVersion = "Xcode 3.2";
			developmentRegion = English;
			hasScannedForEncodings = 0;
			knownRegions = (
				en,
				Base,
			);
			mainGroup = ABB53BD819D48F9F006F9DBD;
			productRefGroup = ABB53BE219D48F9F006F9DBD /* Products */;
			projectDirPath = "";
			projectRoot = "";
			targets = (
				ABB53BE019D48F9F006F9DBD /* ReadWeight */,
				ABB53BF919D48F9F006F9DBD /* ReadWeightTests */,
				ABE4F48319D750990048D853 /* Add Drinks */,
			);
		};
/* End PBXProject section */

/* Begin PBXResourcesBuildPhase section */
		ABB53BDF19D48F9F006F9DBD /* Resources */ = {
			isa = PBXResourcesBuildPhase;
			buildActionMask = 2147483647;
			files = (
				AB56FA3A19D5F5C100E04C87 /* Main.storyboard in Resources */,
				ABB53BF219D48F9F006F9DBD /* Images.xcassets in Resources */,
			);
			runOnlyForDeploymentPostprocessing = 0;
		};
		ABB53BF819D48F9F006F9DBD /* Resources */ = {
			isa = PBXResourcesBuildPhase;
			buildActionMask = 2147483647;
			files = (
			);
			runOnlyForDeploymentPostprocessing = 0;
		};
		ABE4F48219D750990048D853 /* Resources */ = {
			isa = PBXResourcesBuildPhase;
			buildActionMask = 2147483647;
			files = (
				ABE4F48F19D750990048D853 /* MainInterface.storyboard in Resources */,
				ABE4F49B19D758C00048D853 /* Images.xcassets in Resources */,
			);
			runOnlyForDeploymentPostprocessing = 0;
		};
/* End PBXResourcesBuildPhase section */

/* Begin PBXShellScriptBuildPhase section */
		ABE4F47D19D640AF0048D853 /* ShellScript */ = {
			isa = PBXShellScriptBuildPhase;
			buildActionMask = 2147483647;
			files = (
			);
			inputPaths = (
			);
			outputPaths = (
			);
			runOnlyForDeploymentPostprocessing = 0;
			shellPath = /bin/sh;
			shellScript = "./Crashlytics.framework/run 6e63974ab6878886d46e46575c43005ded0cfa08 f6ab159dc485d68d8e3ab7929d50ea2fa90052c3518ce0f98874b30bfe22a3e8";
		};
/* End PBXShellScriptBuildPhase section */

/* Begin PBXSourcesBuildPhase section */
		ABB53BDD19D48F9F006F9DBD /* Sources */ = {
			isa = PBXSourcesBuildPhase;
			buildActionMask = 2147483647;
			files = (
				AB56FA3819D5F2EC00E04C87 /* JNKeychain.m in Sources */,
				AB5FAABB19D4EC0900793572 /* ActionSheetStringPicker.m in Sources */,
				AB5FAAD019D4F00900793572 /* ActionSheetLocalePicker.m in Sources */,
				AB125D9019D8790A00D16008 /* ProfileViewController.m in Sources */,
				ABD49FEF1A1F772700A3A059 /* HealthKitManager.m in Sources */,
				AB68BF401A1D925500CD87F3 /* HealthKitRequestViewController.m in Sources */,
				AB68BF431A1D927100CD87F3 /* RegistrationWorkflowNavigationController.m in Sources */,
				ABE262E419D5FC4D00710A3F /* AddDrinkViewController.m in Sources */,
				AB5FAABE19D4EFAB00793572 /* AbstractActionSheetPicker.m in Sources */,
				AB5FAAD119D4F00900793572 /* DistancePickerView.m in Sources */,
				ABA72CE71A293C8900D0B2A9 /* UITestViewController.m in Sources */,
				ABE4F47C19D610240048D853 /* Drink.m in Sources */,
				ABB53BEA19D48F9F006F9DBD /* AppDelegate.m in Sources */,
				ABE0E4C419DA18B600B25923 /* AddDrinkTableViewCell.m in Sources */,
				AB5FAACD19D4F00900793572 /* ActionSheetCustomPicker.m in Sources */,
				AB3B1F831A217496004CD7C2 /* DrinkingSession.m in Sources */,
				AB7DE67F19D5F79C00DEA7C1 /* MainTableViewController.m in Sources */,
				ABDA7D2A1A28BB1700CD61C7 /* AddDrinkContext.m in Sources */,
				AB5FAACE19D4F00900793572 /* ActionSheetDatePicker.m in Sources */,
				AB68BF541A1EDCF300CD87F3 /* StoredDataManager.m in Sources */,
				AB68BF4D1A1E261600CD87F3 /* HealthKitInfoViewController.m in Sources */,
				AB5FAAD519D4F17A00793572 /* TransLoadingIndicator.m in Sources */,
				ABB53BE719D48F9F006F9DBD /* main.m in Sources */,
				AB5FAAD219D4F00900793572 /* SWActionSheet.m in Sources */,
				AB5FAACF19D4F00900793572 /* ActionSheetDistancePicker.m in Sources */,
				ABE0E4C119DA18A000B25923 /* BACLabelTableViewCell.m in Sources */,
			);
			runOnlyForDeploymentPostprocessing = 0;
		};
		ABB53BF619D48F9F006F9DBD /* Sources */ = {
			isa = PBXSourcesBuildPhase;
			buildActionMask = 2147483647;
			files = (
				ABB53C0119D48F9F006F9DBD /* ReadWeightTests.m in Sources */,
			);
			runOnlyForDeploymentPostprocessing = 0;
		};
		ABE4F48019D750990048D853 /* Sources */ = {
			isa = PBXSourcesBuildPhase;
			buildActionMask = 2147483647;
			files = (
				ABDA7D2B1A28BB1700CD61C7 /* AddDrinkContext.m in Sources */,
				AB3B1F841A217496004CD7C2 /* DrinkingSession.m in Sources */,
				AB85F45719D75FA700298746 /* JNKeychain.m in Sources */,
				AB85F45619D75F4600298746 /* Drink.m in Sources */,
				AB68BF561A1EE8B200CD87F3 /* StoredDataManager.m in Sources */,
				ABE4F48D19D750990048D853 /* TodayViewController.m in Sources */,
			);
			runOnlyForDeploymentPostprocessing = 0;
		};
/* End PBXSourcesBuildPhase section */

/* Begin PBXTargetDependency section */
		ABB53BFC19D48F9F006F9DBD /* PBXTargetDependency */ = {
			isa = PBXTargetDependency;
			target = ABB53BE019D48F9F006F9DBD /* ReadWeight */;
			targetProxy = ABB53BFB19D48F9F006F9DBD /* PBXContainerItemProxy */;
		};
		ABE4F49119D750990048D853 /* PBXTargetDependency */ = {
			isa = PBXTargetDependency;
			target = ABE4F48319D750990048D853 /* Add Drinks */;
			targetProxy = ABE4F49019D750990048D853 /* PBXContainerItemProxy */;
		};
		ABE4F49419D750990048D853 /* PBXTargetDependency */ = {
			isa = PBXTargetDependency;
			target = ABE4F48319D750990048D853 /* Add Drinks */;
			targetProxy = ABE4F49319D750990048D853 /* PBXContainerItemProxy */;
		};
/* End PBXTargetDependency section */

/* Begin XCBuildConfiguration section */
		ABB53C0219D48F9F006F9DBD /* Debug */ = {
			isa = XCBuildConfiguration;
			buildSettings = {
				ALWAYS_SEARCH_USER_PATHS = NO;
				CLANG_CXX_LANGUAGE_STANDARD = "gnu++0x";
				CLANG_CXX_LIBRARY = "libc++";
				CLANG_ENABLE_MODULES = YES;
				CLANG_ENABLE_OBJC_ARC = YES;
				CLANG_WARN_BOOL_CONVERSION = YES;
				CLANG_WARN_CONSTANT_CONVERSION = YES;
				CLANG_WARN_DIRECT_OBJC_ISA_USAGE = YES_ERROR;
				CLANG_WARN_EMPTY_BODY = YES;
				CLANG_WARN_ENUM_CONVERSION = YES;
				CLANG_WARN_INT_CONVERSION = YES;
				CLANG_WARN_OBJC_ROOT_CLASS = YES_ERROR;
				CLANG_WARN_UNREACHABLE_CODE = YES;
				CLANG_WARN__DUPLICATE_METHOD_MATCH = YES;
				"CODE_SIGN_IDENTITY[sdk=iphoneos*]" = "iPhone Developer";
				COPY_PHASE_STRIP = NO;
				ENABLE_STRICT_OBJC_MSGSEND = YES;
				GCC_C_LANGUAGE_STANDARD = gnu99;
				GCC_DYNAMIC_NO_PIC = NO;
				GCC_OPTIMIZATION_LEVEL = 0;
				GCC_PREPROCESSOR_DEFINITIONS = (
					"DEBUG=1",
					"$(inherited)",
				);
				GCC_SYMBOLS_PRIVATE_EXTERN = NO;
				GCC_WARN_64_TO_32_BIT_CONVERSION = YES;
				GCC_WARN_ABOUT_RETURN_TYPE = YES_ERROR;
				GCC_WARN_UNDECLARED_SELECTOR = YES;
				GCC_WARN_UNINITIALIZED_AUTOS = YES_AGGRESSIVE;
				GCC_WARN_UNUSED_FUNCTION = YES;
				GCC_WARN_UNUSED_VARIABLE = YES;
				IPHONEOS_DEPLOYMENT_TARGET = 8.0;
				MTL_ENABLE_DEBUG_INFO = YES;
				ONLY_ACTIVE_ARCH = YES;
				SDKROOT = iphoneos;
			};
			name = Debug;
		};
		ABB53C0319D48F9F006F9DBD /* Release */ = {
			isa = XCBuildConfiguration;
			buildSettings = {
				ALWAYS_SEARCH_USER_PATHS = NO;
				CLANG_CXX_LANGUAGE_STANDARD = "gnu++0x";
				CLANG_CXX_LIBRARY = "libc++";
				CLANG_ENABLE_MODULES = YES;
				CLANG_ENABLE_OBJC_ARC = YES;
				CLANG_WARN_BOOL_CONVERSION = YES;
				CLANG_WARN_CONSTANT_CONVERSION = YES;
				CLANG_WARN_DIRECT_OBJC_ISA_USAGE = YES_ERROR;
				CLANG_WARN_EMPTY_BODY = YES;
				CLANG_WARN_ENUM_CONVERSION = YES;
				CLANG_WARN_INT_CONVERSION = YES;
				CLANG_WARN_OBJC_ROOT_CLASS = YES_ERROR;
				CLANG_WARN_UNREACHABLE_CODE = YES;
				CLANG_WARN__DUPLICATE_METHOD_MATCH = YES;
				"CODE_SIGN_IDENTITY[sdk=iphoneos*]" = "iPhone Developer";
				COPY_PHASE_STRIP = YES;
				ENABLE_NS_ASSERTIONS = NO;
				ENABLE_STRICT_OBJC_MSGSEND = YES;
				GCC_C_LANGUAGE_STANDARD = gnu99;
				GCC_WARN_64_TO_32_BIT_CONVERSION = YES;
				GCC_WARN_ABOUT_RETURN_TYPE = YES_ERROR;
				GCC_WARN_UNDECLARED_SELECTOR = YES;
				GCC_WARN_UNINITIALIZED_AUTOS = YES_AGGRESSIVE;
				GCC_WARN_UNUSED_FUNCTION = YES;
				GCC_WARN_UNUSED_VARIABLE = YES;
				IPHONEOS_DEPLOYMENT_TARGET = 8.0;
				MTL_ENABLE_DEBUG_INFO = NO;
				SDKROOT = iphoneos;
				VALIDATE_PRODUCT = YES;
			};
			name = Release;
		};
		ABB53C0519D48F9F006F9DBD /* Debug */ = {
			isa = XCBuildConfiguration;
			buildSettings = {
				ASSETCATALOG_COMPILER_APPICON_NAME = AppIcon;
				ASSETCATALOG_COMPILER_LAUNCHIMAGE_NAME = LaunchImage;
				CODE_SIGN_ENTITLEMENTS = ReadWeight/ReadWeight.entitlements;
				CODE_SIGN_IDENTITY = "iPhone Developer";
				"CODE_SIGN_IDENTITY[sdk=iphoneos*]" = "iPhone Developer";
				FRAMEWORK_SEARCH_PATHS = (
					"$(inherited)",
					"$(PROJECT_DIR)",
				);
				INFOPLIST_FILE = ReadWeight/Info.plist;
				LD_RUNPATH_SEARCH_PATHS = "$(inherited) @executable_path/Frameworks";
				PRODUCT_NAME = "$(TARGET_NAME)";
				PROVISIONING_PROFILE = "";
			};
			name = Debug;
		};
		ABB53C0619D48F9F006F9DBD /* Release */ = {
			isa = XCBuildConfiguration;
			buildSettings = {
				ASSETCATALOG_COMPILER_APPICON_NAME = AppIcon;
				ASSETCATALOG_COMPILER_LAUNCHIMAGE_NAME = LaunchImage;
				CODE_SIGN_ENTITLEMENTS = ReadWeight/ReadWeight.entitlements;
				CODE_SIGN_IDENTITY = "iPhone Developer";
				"CODE_SIGN_IDENTITY[sdk=iphoneos*]" = "iPhone Developer";
				FRAMEWORK_SEARCH_PATHS = (
					"$(inherited)",
					"$(PROJECT_DIR)",
				);
				INFOPLIST_FILE = ReadWeight/Info.plist;
				LD_RUNPATH_SEARCH_PATHS = "$(inherited) @executable_path/Frameworks";
				PRODUCT_NAME = "$(TARGET_NAME)";
				PROVISIONING_PROFILE = "";
			};
			name = Release;
		};
		ABB53C0819D48F9F006F9DBD /* Debug */ = {
			isa = XCBuildConfiguration;
			buildSettings = {
				BUNDLE_LOADER = "$(TEST_HOST)";
				FRAMEWORK_SEARCH_PATHS = (
					"$(SDKROOT)/Developer/Library/Frameworks",
					"$(inherited)",
				);
				GCC_PREPROCESSOR_DEFINITIONS = (
					"DEBUG=1",
					"$(inherited)",
				);
				INFOPLIST_FILE = ReadWeightTests/Info.plist;
				LD_RUNPATH_SEARCH_PATHS = "$(inherited) @executable_path/Frameworks @loader_path/Frameworks";
				PRODUCT_NAME = "$(TARGET_NAME)";
				TEST_HOST = "$(BUILT_PRODUCTS_DIR)/ReadWeight.app/ReadWeight";
			};
			name = Debug;
		};
		ABB53C0919D48F9F006F9DBD /* Release */ = {
			isa = XCBuildConfiguration;
			buildSettings = {
				BUNDLE_LOADER = "$(TEST_HOST)";
				FRAMEWORK_SEARCH_PATHS = (
					"$(SDKROOT)/Developer/Library/Frameworks",
					"$(inherited)",
				);
				INFOPLIST_FILE = ReadWeightTests/Info.plist;
				LD_RUNPATH_SEARCH_PATHS = "$(inherited) @executable_path/Frameworks @loader_path/Frameworks";
				PRODUCT_NAME = "$(TARGET_NAME)";
				TEST_HOST = "$(BUILT_PRODUCTS_DIR)/ReadWeight.app/ReadWeight";
			};
			name = Release;
		};
		ABE4F49619D750990048D853 /* Debug */ = {
			isa = XCBuildConfiguration;
			buildSettings = {
				CODE_SIGN_ENTITLEMENTS = "Add Drinks/Add Drinks.entitlements";
				CODE_SIGN_IDENTITY = "iPhone Developer";
				"CODE_SIGN_IDENTITY[sdk=iphoneos*]" = "iPhone Developer";
				GCC_PREPROCESSOR_DEFINITIONS = (
					"DEBUG=1",
					"$(inherited)",
				);
				INFOPLIST_FILE = "Add Drinks/Info.plist";
				LD_RUNPATH_SEARCH_PATHS = "$(inherited) @executable_path/Frameworks @executable_path/../../Frameworks";
				PRODUCT_NAME = "$(TARGET_NAME)";
				PROVISIONING_PROFILE = "";
				SKIP_INSTALL = YES;
			};
			name = Debug;
		};
		ABE4F49719D750990048D853 /* Release */ = {
			isa = XCBuildConfiguration;
			buildSettings = {
				CODE_SIGN_ENTITLEMENTS = "Add Drinks/Add Drinks.entitlements";
				CODE_SIGN_IDENTITY = "iPhone Developer";
				"CODE_SIGN_IDENTITY[sdk=iphoneos*]" = "iPhone Developer";
				INFOPLIST_FILE = "Add Drinks/Info.plist";
				LD_RUNPATH_SEARCH_PATHS = "$(inherited) @executable_path/Frameworks @executable_path/../../Frameworks";
				PRODUCT_NAME = "$(TARGET_NAME)";
				PROVISIONING_PROFILE = "";
				SKIP_INSTALL = YES;
			};
			name = Release;
		};
/* End XCBuildConfiguration section */

/* Begin XCConfigurationList section */
		ABB53BDC19D48F9F006F9DBD /* Build configuration list for PBXProject "DrinkTracker" */ = {
			isa = XCConfigurationList;
			buildConfigurations = (
				ABB53C0219D48F9F006F9DBD /* Debug */,
				ABB53C0319D48F9F006F9DBD /* Release */,
			);
			defaultConfigurationIsVisible = 0;
			defaultConfigurationName = Release;
		};
		ABB53C0419D48F9F006F9DBD /* Build configuration list for PBXNativeTarget "ReadWeight" */ = {
			isa = XCConfigurationList;
			buildConfigurations = (
				ABB53C0519D48F9F006F9DBD /* Debug */,
				ABB53C0619D48F9F006F9DBD /* Release */,
			);
			defaultConfigurationIsVisible = 0;
			defaultConfigurationName = Release;
		};
		ABB53C0719D48F9F006F9DBD /* Build configuration list for PBXNativeTarget "ReadWeightTests" */ = {
			isa = XCConfigurationList;
			buildConfigurations = (
				ABB53C0819D48F9F006F9DBD /* Debug */,
				ABB53C0919D48F9F006F9DBD /* Release */,
			);
			defaultConfigurationIsVisible = 0;
			defaultConfigurationName = Release;
		};
		ABE4F49519D750990048D853 /* Build configuration list for PBXNativeTarget "Add Drinks" */ = {
			isa = XCConfigurationList;
			buildConfigurations = (
				ABE4F49619D750990048D853 /* Debug */,
				ABE4F49719D750990048D853 /* Release */,
			);
			defaultConfigurationIsVisible = 0;
			defaultConfigurationName = Release;
		};
/* End XCConfigurationList section */
	};
	rootObject = ABB53BD919D48F9F006F9DBD /* Project object */;
}
